// !$*UTF8*$!
{
	archiveVersion = 1;
	classes = {
	};
	objectVersion = 48;
	objects = {

/* Begin PBXBuildFile section */
		7816B1A01FAD5F77007A6350 /* AppDelegate.m in Sources */ = {isa = PBXBuildFile; fileRef = 7816B19F1FAD5F77007A6350 /* AppDelegate.m */; };
		7816B1A31FAD5F77007A6350 /* ViewController.m in Sources */ = {isa = PBXBuildFile; fileRef = 7816B1A21FAD5F77007A6350 /* ViewController.m */; };
		7816B1A61FAD5F77007A6350 /* Main.storyboard in Resources */ = {isa = PBXBuildFile; fileRef = 7816B1A41FAD5F77007A6350 /* Main.storyboard */; };
		7816B1A81FAD5F77007A6350 /* Assets.xcassets in Resources */ = {isa = PBXBuildFile; fileRef = 7816B1A71FAD5F77007A6350 /* Assets.xcassets */; };
		7816B1AB1FAD5F77007A6350 /* LaunchScreen.storyboard in Resources */ = {isa = PBXBuildFile; fileRef = 7816B1A91FAD5F77007A6350 /* LaunchScreen.storyboard */; };
		7816B1AE1FAD5F77007A6350 /* main.m in Sources */ = {isa = PBXBuildFile; fileRef = 7816B1AD1FAD5F77007A6350 /* main.m */; };
		7816B1B71FAD61FD007A6350 /* EditViewController.m in Sources */ = {isa = PBXBuildFile; fileRef = 7816B1B61FAD61FD007A6350 /* EditViewController.m */; };
		7816B1BA1FAD66AA007A6350 /* EditSliderView.m in Sources */ = {isa = PBXBuildFile; fileRef = 7816B1B91FAD66AA007A6350 /* EditSliderView.m */; };
		7816B1BF1FADF224007A6350 /* MyFileManage.m in Sources */ = {isa = PBXBuildFile; fileRef = 7816B1BE1FADF224007A6350 /* MyFileManage.m */; };
		7816B24D1FAE0E09007A6350 /* resource.bundle in Resources */ = {isa = PBXBuildFile; fileRef = 7816B24C1FAE0E09007A6350 /* resource.bundle */; };
		7816B2581FAE0E9D007A6350 /* libz.tbd in Frameworks */ = {isa = PBXBuildFile; fileRef = 7816B2571FAE0E9D007A6350 /* libz.tbd */; };
		7816B25A1FAE0EAC007A6350 /* AVFoundation.framework in Frameworks */ = {isa = PBXBuildFile; fileRef = 7816B2591FAE0EA1007A6350 /* AVFoundation.framework */; };
		7816B2E31FAE1186007A6350 /* cmdutils.c in Sources */ = {isa = PBXBuildFile; fileRef = 7816B25C1FAE1186007A6350 /* cmdutils.c */; };
		7816B2E41FAE1186007A6350 /* ffmpeg_filter.c in Sources */ = {isa = PBXBuildFile; fileRef = 7816B2611FAE1186007A6350 /* ffmpeg_filter.c */; };
		7816B2E51FAE1186007A6350 /* ffmpeg_mod.c in Sources */ = {isa = PBXBuildFile; fileRef = 7816B2621FAE1186007A6350 /* ffmpeg_mod.c */; };
		7816B2E61FAE1186007A6350 /* ffmpeg_opt.c in Sources */ = {isa = PBXBuildFile; fileRef = 7816B2631FAE1186007A6350 /* ffmpeg_opt.c */; };
		7816B2E71FAE1186007A6350 /* getopt.c in Sources */ = {isa = PBXBuildFile; fileRef = 7816B2661FAE1186007A6350 /* getopt.c */; };
		7816B2E81FAE1186007A6350 /* strtod.c in Sources */ = {isa = PBXBuildFile; fileRef = 7816B2681FAE1186007A6350 /* strtod.c */; };
		7816B2E91FAE1186007A6350 /* libavcodec.a in Frameworks */ = {isa = PBXBuildFile; fileRef = 7816B2D91FAE1186007A6350 /* libavcodec.a */; };
		7816B2EA1FAE1186007A6350 /* libavdevice.a in Frameworks */ = {isa = PBXBuildFile; fileRef = 7816B2DA1FAE1186007A6350 /* libavdevice.a */; };
		7816B2EB1FAE1186007A6350 /* libavfilter.a in Frameworks */ = {isa = PBXBuildFile; fileRef = 7816B2DB1FAE1186007A6350 /* libavfilter.a */; };
		7816B2EC1FAE1186007A6350 /* libavformat.a in Frameworks */ = {isa = PBXBuildFile; fileRef = 7816B2DC1FAE1186007A6350 /* libavformat.a */; };
		7816B2ED1FAE1186007A6350 /* libavutil.a in Frameworks */ = {isa = PBXBuildFile; fileRef = 7816B2DD1FAE1186007A6350 /* libavutil.a */; };
		7816B2EE1FAE1186007A6350 /* libfaac.a in Frameworks */ = {isa = PBXBuildFile; fileRef = 7816B2DE1FAE1186007A6350 /* libfaac.a */; };
		7816B2EF1FAE1186007A6350 /* libpostproc.a in Frameworks */ = {isa = PBXBuildFile; fileRef = 7816B2DF1FAE1186007A6350 /* libpostproc.a */; };
		7816B2F01FAE1186007A6350 /* libswresample.a in Frameworks */ = {isa = PBXBuildFile; fileRef = 7816B2E01FAE1186007A6350 /* libswresample.a */; };
		7816B2F11FAE1186007A6350 /* libswscale.a in Frameworks */ = {isa = PBXBuildFile; fileRef = 7816B2E11FAE1186007A6350 /* libswscale.a */; };
		7816B2F21FAE1186007A6350 /* libx264.a in Frameworks */ = {isa = PBXBuildFile; fileRef = 7816B2E21FAE1186007A6350 /* libx264.a */; };
		7816B2FF1FAE1BD4007A6350 /* KxAudioManager.m in Sources */ = {isa = PBXBuildFile; fileRef = 7816B2F51FAE1BD4007A6350 /* KxAudioManager.m */; };
		7816B3001FAE1BD4007A6350 /* kxmovie.bundle in Resources */ = {isa = PBXBuildFile; fileRef = 7816B2F81FAE1BD4007A6350 /* kxmovie.bundle */; };
		7816B3011FAE1BD4007A6350 /* KxMovieDecoder.m in Sources */ = {isa = PBXBuildFile; fileRef = 7816B2FA1FAE1BD4007A6350 /* KxMovieDecoder.m */; };
		7816B3021FAE1BD4007A6350 /* KxMovieGLView.m in Sources */ = {isa = PBXBuildFile; fileRef = 7816B2FC1FAE1BD4007A6350 /* KxMovieGLView.m */; };
		7816B3031FAE1BD4007A6350 /* KxMovieViewController.m in Sources */ = {isa = PBXBuildFile; fileRef = 7816B2FE1FAE1BD4007A6350 /* KxMovieViewController.m */; };
		7816B3061FAF5622007A6350 /* ChoosingRectView.m in Sources */ = {isa = PBXBuildFile; fileRef = 7816B3051FAF5622007A6350 /* ChoosingRectView.m */; };
		782A0BB81FDADDBB0041E76F /* DeWaterKeyChain.m in Sources */ = {isa = PBXBuildFile; fileRef = 782A0BB71FDADDBB0041E76F /* DeWaterKeyChain.m */; };
		782EBBAB1FDCD31D005D3DEC /* libMobClickLibrary.a in Frameworks */ = {isa = PBXBuildFile; fileRef = 782EBBA81FDCD31C005D3DEC /* libMobClickLibrary.a */; };
		782EBBAD1FDD095F005D3DEC /* AssetsLibrary.framework in Frameworks */ = {isa = PBXBuildFile; fileRef = 782EBBAC1FDD0958005D3DEC /* AssetsLibrary.framework */; };
		783B459C1FCFEA56003770C9 /* CommonConfig.m in Sources */ = {isa = PBXBuildFile; fileRef = 783B459B1FCFEA56003770C9 /* CommonConfig.m */; };
		783B459E1FCFEA6B003770C9 /* AdSupport.framework in Frameworks */ = {isa = PBXBuildFile; fileRef = 783B459D1FCFEA64003770C9 /* AdSupport.framework */; };
		783B45AB1FCFED87003770C9 /* URLManager.m in Sources */ = {isa = PBXBuildFile; fileRef = 783B45AA1FCFED87003770C9 /* URLManager.m */; };
		785E0D241FD4415C00ADF46D /* WebRequestHandler.m in Sources */ = {isa = PBXBuildFile; fileRef = 785E0D231FD4415C00ADF46D /* WebRequestHandler.m */; };
		785E0D431FD4CFEC00ADF46D /* PayViewAndLogic.m in Sources */ = {isa = PBXBuildFile; fileRef = 785E0D421FD4CFEC00ADF46D /* PayViewAndLogic.m */; };
		7885D7A21FCC466900A4B59E /* MyVideoConfigView.m in Sources */ = {isa = PBXBuildFile; fileRef = 7885D7A11FCC466900A4B59E /* MyVideoConfigView.m */; };
		7885D7B71FCCFEE900A4B59E /* SelectedViewController.m in Sources */ = {isa = PBXBuildFile; fileRef = 7885D7B61FCCFEE900A4B59E /* SelectedViewController.m */; };
		7885D7DF1FCD8A4900A4B59E /* README.txt in Resources */ = {isa = PBXBuildFile; fileRef = 7885D7DD1FCD8A4800A4B59E /* README.txt */; };
		7885D7E31FCD8A7700A4B59E /* libc++.tbd in Frameworks */ = {isa = PBXBuildFile; fileRef = 7885D7E21FCD8A7700A4B59E /* libc++.tbd */; };
		7885D7E51FCD8A8F00A4B59E /* SystemConfiguration.framework in Frameworks */ = {isa = PBXBuildFile; fileRef = 7885D7E41FCD8A8800A4B59E /* SystemConfiguration.framework */; };
		7885D7EC1FCD8CFF00A4B59E /* libsqlite3.tbd in Frameworks */ = {isa = PBXBuildFile; fileRef = 7885D7EB1FCD8CFF00A4B59E /* libsqlite3.tbd */; };
		7885D7EE1FCD8D2000A4B59E /* CoreMotion.framework in Frameworks */ = {isa = PBXBuildFile; fileRef = 7885D7ED1FCD8D1600A4B59E /* CoreMotion.framework */; };
		7885D7EF1FCD8D2600A4B59E /* CoreTelephony.framework in Frameworks */ = {isa = PBXBuildFile; fileRef = 7885D7E61FCD8A9700A4B59E /* CoreTelephony.framework */; };
		7885D7FE1FCD974900A4B59E /* MyNavigationViewController.m in Sources */ = {isa = PBXBuildFile; fileRef = 7885D7FD1FCD974900A4B59E /* MyNavigationViewController.m */; };
		7885D8031FCD990000A4B59E /* AboutViewController.m in Sources */ = {isa = PBXBuildFile; fileRef = 7885D8011FCD990000A4B59E /* AboutViewController.m */; };
		7885D8041FCD990000A4B59E /* RightDrawerTableViewController.m in Sources */ = {isa = PBXBuildFile; fileRef = 7885D8021FCD990000A4B59E /* RightDrawerTableViewController.m */; };
		7885D8081FCD9A1400A4B59E /* MyTableViewCell.m in Sources */ = {isa = PBXBuildFile; fileRef = 7885D8051FCD9A1300A4B59E /* MyTableViewCell.m */; };
		7885D8091FCD9A1400A4B59E /* MyTableViewCell.xib in Resources */ = {isa = PBXBuildFile; fileRef = 7885D8071FCD9A1300A4B59E /* MyTableViewCell.xib */; };
		78B76C4B1FC08BE6003DA58E /* arrow@2x.png in Resources */ = {isa = PBXBuildFile; fileRef = 78B76C331FC08BE6003DA58E /* arrow@2x.png */; };
		78B76C4C1FC08BE6003DA58E /* arrow@3x.png in Resources */ = {isa = PBXBuildFile; fileRef = 78B76C341FC08BE6003DA58E /* arrow@3x.png */; };
		78B76C4D1FC08BE6003DA58E /* gridCell_select@2x.png in Resources */ = {isa = PBXBuildFile; fileRef = 78B76C351FC08BE6003DA58E /* gridCell_select@2x.png */; };
		78B76C4E1FC08BE6003DA58E /* gridCell_unSelect@2x.png in Resources */ = {isa = PBXBuildFile; fileRef = 78B76C361FC08BE6003DA58E /* gridCell_unSelect@2x.png */; };
		78B76C4F1FC08BE6003DA58E /* UIView+Addition.m in Sources */ = {isa = PBXBuildFile; fileRef = 78B76C381FC08BE6003DA58E /* UIView+Addition.m */; };
		78B76C501FC08BE6003DA58E /* YZYAlbumDropView.m in Sources */ = {isa = PBXBuildFile; fileRef = 78B76C3A1FC08BE6003DA58E /* YZYAlbumDropView.m */; };
		78B76C511FC08BE6003DA58E /* YZYAlbumListCell.m in Sources */ = {isa = PBXBuildFile; fileRef = 78B76C3C1FC08BE6003DA58E /* YZYAlbumListCell.m */; };
		78B76C521FC08BE6003DA58E /* YZYPhotoAsset.m in Sources */ = {isa = PBXBuildFile; fileRef = 78B76C3E1FC08BE6003DA58E /* YZYPhotoAsset.m */; };
		78B76C531FC08BE6003DA58E /* YZYPhotoBrowserCell.m in Sources */ = {isa = PBXBuildFile; fileRef = 78B76C401FC08BE6003DA58E /* YZYPhotoBrowserCell.m */; };
		78B76C541FC08BE6003DA58E /* YZYPhotoBrowserViewController.m in Sources */ = {isa = PBXBuildFile; fileRef = 78B76C421FC08BE6003DA58E /* YZYPhotoBrowserViewController.m */; };
		78B76C551FC08BE6003DA58E /* YZYPhotoDataManager.m in Sources */ = {isa = PBXBuildFile; fileRef = 78B76C441FC08BE6003DA58E /* YZYPhotoDataManager.m */; };
		78B76C561FC08BE6003DA58E /* YZYPhotoGridCell.m in Sources */ = {isa = PBXBuildFile; fileRef = 78B76C461FC08BE6003DA58E /* YZYPhotoGridCell.m */; };
		78B76C571FC08BE6003DA58E /* YZYPhotoGridViewController.m in Sources */ = {isa = PBXBuildFile; fileRef = 78B76C481FC08BE6003DA58E /* YZYPhotoGridViewController.m */; };
		78B76C581FC08BE6003DA58E /* YZYPhotoPicker.m in Sources */ = {isa = PBXBuildFile; fileRef = 78B76C4A1FC08BE6003DA58E /* YZYPhotoPicker.m */; };
		78B76C661FC179F4003DA58E /* Photos.framework in Frameworks */ = {isa = PBXBuildFile; fileRef = 78B76C651FC179EA003DA58E /* Photos.framework */; };
		78B76C691FC17E0F003DA58E /* AlbumManager.m in Sources */ = {isa = PBXBuildFile; fileRef = 78B76C681FC17E0F003DA58E /* AlbumManager.m */; };
		78CD7AFA1FFF684A004F63AF /* IAPManager.m in Sources */ = {isa = PBXBuildFile; fileRef = 78CD7AF81FFF684A004F63AF /* IAPManager.m */; };
		78CD7AFC1FFF6872004F63AF /* StoreKit.framework in Frameworks */ = {isa = PBXBuildFile; fileRef = 78CD7AFB1FFF686B004F63AF /* StoreKit.framework */; };
		78CD7B001FFF6998004F63AF /* ActivityIndicator.m in Sources */ = {isa = PBXBuildFile; fileRef = 78CD7AFF1FFF6998004F63AF /* ActivityIndicator.m */; };
		78CD7B031FFF69D5004F63AF /* DialogView.m in Sources */ = {isa = PBXBuildFile; fileRef = 78CD7B021FFF69D5004F63AF /* DialogView.m */; };
		78CE36C31FC9C81100F84932 /* MyVideosController.m in Sources */ = {isa = PBXBuildFile; fileRef = 78CE36C21FC9C81100F84932 /* MyVideosController.m */; };
		78CE36C51FCA7AAA00F84932 /* MediaPlayer.framework in Frameworks */ = {isa = PBXBuildFile; fileRef = 78CE36C41FCA7AA400F84932 /* MediaPlayer.framework */; };
		78E41F511FDA0322001A938A /* StringsFile.strings in Resources */ = {isa = PBXBuildFile; fileRef = 78E41F501FDA0322001A938A /* StringsFile.strings */; };
		78E41F761FDA8249001A938A /* PreviewViewController.m in Sources */ = {isa = PBXBuildFile; fileRef = 78E41F751FDA8249001A938A /* PreviewViewController.m */; };
		78F8A3D5201D668800981B79 /* QAViewController.m in Sources */ = {isa = PBXBuildFile; fileRef = 78F8A3D3201D668800981B79 /* QAViewController.m */; };
		78F8A3D8201D67B600981B79 /* SelfCenterViewController.m in Sources */ = {isa = PBXBuildFile; fileRef = 78F8A3D7201D67B600981B79 /* SelfCenterViewController.m */; };
		B0054FD734633A011F74A7FA /* libPods-DeWaterMark.a in Frameworks */ = {isa = PBXBuildFile; fileRef = 6AD91559F3BC1914E85766A2 /* libPods-DeWaterMark.a */; };
/* End PBXBuildFile section */

/* Begin PBXFileReference section */
		6AD91559F3BC1914E85766A2 /* libPods-DeWaterMark.a */ = {isa = PBXFileReference; explicitFileType = archive.ar; includeInIndex = 0; path = "libPods-DeWaterMark.a"; sourceTree = BUILT_PRODUCTS_DIR; };
		74D21B5D31B6FE3298C545D2 /* Pods-DeWaterMark.release.xcconfig */ = {isa = PBXFileReference; includeInIndex = 1; lastKnownFileType = text.xcconfig; name = "Pods-DeWaterMark.release.xcconfig"; path = "Pods/Target Support Files/Pods-DeWaterMark/Pods-DeWaterMark.release.xcconfig"; sourceTree = "<group>"; };
		7816B19B1FAD5F77007A6350 /* DeWaterMark.app */ = {isa = PBXFileReference; explicitFileType = wrapper.application; includeInIndex = 0; path = DeWaterMark.app; sourceTree = BUILT_PRODUCTS_DIR; };
		7816B19E1FAD5F77007A6350 /* AppDelegate.h */ = {isa = PBXFileReference; lastKnownFileType = sourcecode.c.h; path = AppDelegate.h; sourceTree = "<group>"; };
		7816B19F1FAD5F77007A6350 /* AppDelegate.m */ = {isa = PBXFileReference; lastKnownFileType = sourcecode.c.objc; path = AppDelegate.m; sourceTree = "<group>"; };
		7816B1A11FAD5F77007A6350 /* ViewController.h */ = {isa = PBXFileReference; lastKnownFileType = sourcecode.c.h; path = ViewController.h; sourceTree = "<group>"; };
		7816B1A21FAD5F77007A6350 /* ViewController.m */ = {isa = PBXFileReference; lastKnownFileType = sourcecode.c.objc; path = ViewController.m; sourceTree = "<group>"; };
		7816B1A51FAD5F77007A6350 /* Base */ = {isa = PBXFileReference; lastKnownFileType = file.storyboard; name = Base; path = Base.lproj/Main.storyboard; sourceTree = "<group>"; };
		7816B1A71FAD5F77007A6350 /* Assets.xcassets */ = {isa = PBXFileReference; lastKnownFileType = folder.assetcatalog; path = Assets.xcassets; sourceTree = "<group>"; };
		7816B1AA1FAD5F77007A6350 /* Base */ = {isa = PBXFileReference; lastKnownFileType = file.storyboard; name = Base; path = Base.lproj/LaunchScreen.storyboard; sourceTree = "<group>"; };
		7816B1AC1FAD5F77007A6350 /* Info.plist */ = {isa = PBXFileReference; lastKnownFileType = text.plist.xml; path = Info.plist; sourceTree = "<group>"; };
		7816B1AD1FAD5F77007A6350 /* main.m */ = {isa = PBXFileReference; lastKnownFileType = sourcecode.c.objc; path = main.m; sourceTree = "<group>"; };
		7816B1B51FAD61FD007A6350 /* EditViewController.h */ = {isa = PBXFileReference; lastKnownFileType = sourcecode.c.h; path = EditViewController.h; sourceTree = "<group>"; };
		7816B1B61FAD61FD007A6350 /* EditViewController.m */ = {isa = PBXFileReference; lastKnownFileType = sourcecode.c.objc; path = EditViewController.m; sourceTree = "<group>"; };
		7816B1B81FAD66AA007A6350 /* EditSliderView.h */ = {isa = PBXFileReference; lastKnownFileType = sourcecode.c.h; path = EditSliderView.h; sourceTree = "<group>"; };
		7816B1B91FAD66AA007A6350 /* EditSliderView.m */ = {isa = PBXFileReference; lastKnownFileType = sourcecode.c.objc; path = EditSliderView.m; sourceTree = "<group>"; };
		7816B1BD1FADF224007A6350 /* MyFileManage.h */ = {isa = PBXFileReference; lastKnownFileType = sourcecode.c.h; path = MyFileManage.h; sourceTree = "<group>"; };
		7816B1BE1FADF224007A6350 /* MyFileManage.m */ = {isa = PBXFileReference; lastKnownFileType = sourcecode.c.objc; path = MyFileManage.m; sourceTree = "<group>"; };
		7816B24C1FAE0E09007A6350 /* resource.bundle */ = {isa = PBXFileReference; lastKnownFileType = "wrapper.plug-in"; path = resource.bundle; sourceTree = "<group>"; };
		7816B2571FAE0E9D007A6350 /* libz.tbd */ = {isa = PBXFileReference; lastKnownFileType = "sourcecode.text-based-dylib-definition"; name = libz.tbd; path = usr/lib/libz.tbd; sourceTree = SDKROOT; };
		7816B2591FAE0EA1007A6350 /* AVFoundation.framework */ = {isa = PBXFileReference; lastKnownFileType = wrapper.framework; name = AVFoundation.framework; path = System/Library/Frameworks/AVFoundation.framework; sourceTree = SDKROOT; };
		7816B25C1FAE1186007A6350 /* cmdutils.c */ = {isa = PBXFileReference; fileEncoding = 4; lastKnownFileType = sourcecode.c.c; path = cmdutils.c; sourceTree = "<group>"; };
		7816B25D1FAE1186007A6350 /* cmdutils.h */ = {isa = PBXFileReference; fileEncoding = 4; lastKnownFileType = sourcecode.c.h; path = cmdutils.h; sourceTree = "<group>"; };
		7816B25E1FAE1186007A6350 /* cmdutils_common_opts.h */ = {isa = PBXFileReference; fileEncoding = 4; lastKnownFileType = sourcecode.c.h; path = cmdutils_common_opts.h; sourceTree = "<group>"; };
		7816B25F1FAE1186007A6350 /* config.h */ = {isa = PBXFileReference; fileEncoding = 4; lastKnownFileType = sourcecode.c.h; path = config.h; sourceTree = "<group>"; };
		7816B2601FAE1186007A6350 /* ffmpeg.h */ = {isa = PBXFileReference; fileEncoding = 4; lastKnownFileType = sourcecode.c.h; path = ffmpeg.h; sourceTree = "<group>"; };
		7816B2611FAE1186007A6350 /* ffmpeg_filter.c */ = {isa = PBXFileReference; fileEncoding = 4; lastKnownFileType = sourcecode.c.c; path = ffmpeg_filter.c; sourceTree = "<group>"; };
		7816B2621FAE1186007A6350 /* ffmpeg_mod.c */ = {isa = PBXFileReference; fileEncoding = 4; lastKnownFileType = sourcecode.c.c; path = ffmpeg_mod.c; sourceTree = "<group>"; };
		7816B2631FAE1186007A6350 /* ffmpeg_opt.c */ = {isa = PBXFileReference; fileEncoding = 4; lastKnownFileType = sourcecode.c.c; path = ffmpeg_opt.c; sourceTree = "<group>"; };
		7816B2661FAE1186007A6350 /* getopt.c */ = {isa = PBXFileReference; fileEncoding = 4; lastKnownFileType = sourcecode.c.c; path = getopt.c; sourceTree = "<group>"; };
		7816B2671FAE1186007A6350 /* os2threads.h */ = {isa = PBXFileReference; fileEncoding = 4; lastKnownFileType = sourcecode.c.h; path = os2threads.h; sourceTree = "<group>"; };
		7816B2681FAE1186007A6350 /* strtod.c */ = {isa = PBXFileReference; fileEncoding = 4; lastKnownFileType = sourcecode.c.c; path = strtod.c; sourceTree = "<group>"; };
		7816B2691FAE1186007A6350 /* va_copy.h */ = {isa = PBXFileReference; fileEncoding = 4; lastKnownFileType = sourcecode.c.h; path = va_copy.h; sourceTree = "<group>"; };
		7816B26A1FAE1186007A6350 /* w32pthreads.h */ = {isa = PBXFileReference; fileEncoding = 4; lastKnownFileType = sourcecode.c.h; path = w32pthreads.h; sourceTree = "<group>"; };
		7816B26C1FAE1186007A6350 /* avcodec.h */ = {isa = PBXFileReference; fileEncoding = 4; lastKnownFileType = sourcecode.c.h; path = avcodec.h; sourceTree = "<group>"; };
		7816B26D1FAE1186007A6350 /* avfft.h */ = {isa = PBXFileReference; fileEncoding = 4; lastKnownFileType = sourcecode.c.h; path = avfft.h; sourceTree = "<group>"; };
		7816B26E1FAE1186007A6350 /* d3d11va.h */ = {isa = PBXFileReference; fileEncoding = 4; lastKnownFileType = sourcecode.c.h; path = d3d11va.h; sourceTree = "<group>"; };
		7816B26F1FAE1186007A6350 /* dv_profile.h */ = {isa = PBXFileReference; fileEncoding = 4; lastKnownFileType = sourcecode.c.h; path = dv_profile.h; sourceTree = "<group>"; };
		7816B2701FAE1186007A6350 /* dxva2.h */ = {isa = PBXFileReference; fileEncoding = 4; lastKnownFileType = sourcecode.c.h; path = dxva2.h; sourceTree = "<group>"; };
		7816B2711FAE1186007A6350 /* old_codec_ids.h */ = {isa = PBXFileReference; fileEncoding = 4; lastKnownFileType = sourcecode.c.h; path = old_codec_ids.h; sourceTree = "<group>"; };
		7816B2721FAE1186007A6350 /* qsv.h */ = {isa = PBXFileReference; fileEncoding = 4; lastKnownFileType = sourcecode.c.h; path = qsv.h; sourceTree = "<group>"; };
		7816B2731FAE1186007A6350 /* vaapi.h */ = {isa = PBXFileReference; fileEncoding = 4; lastKnownFileType = sourcecode.c.h; path = vaapi.h; sourceTree = "<group>"; };
		7816B2741FAE1186007A6350 /* vda.h */ = {isa = PBXFileReference; fileEncoding = 4; lastKnownFileType = sourcecode.c.h; path = vda.h; sourceTree = "<group>"; };
		7816B2751FAE1186007A6350 /* vdpau.h */ = {isa = PBXFileReference; fileEncoding = 4; lastKnownFileType = sourcecode.c.h; path = vdpau.h; sourceTree = "<group>"; };
		7816B2761FAE1186007A6350 /* version.h */ = {isa = PBXFileReference; fileEncoding = 4; lastKnownFileType = sourcecode.c.h; path = version.h; sourceTree = "<group>"; };
		7816B2771FAE1186007A6350 /* vorbis_parser.h */ = {isa = PBXFileReference; fileEncoding = 4; lastKnownFileType = sourcecode.c.h; path = vorbis_parser.h; sourceTree = "<group>"; };
		7816B2781FAE1186007A6350 /* xvmc.h */ = {isa = PBXFileReference; fileEncoding = 4; lastKnownFileType = sourcecode.c.h; path = xvmc.h; sourceTree = "<group>"; };
		7816B27A1FAE1186007A6350 /* avdevice.h */ = {isa = PBXFileReference; fileEncoding = 4; lastKnownFileType = sourcecode.c.h; path = avdevice.h; sourceTree = "<group>"; };
		7816B27B1FAE1186007A6350 /* version.h */ = {isa = PBXFileReference; fileEncoding = 4; lastKnownFileType = sourcecode.c.h; path = version.h; sourceTree = "<group>"; };
		7816B27D1FAE1186007A6350 /* asrc_abuffer.h */ = {isa = PBXFileReference; fileEncoding = 4; lastKnownFileType = sourcecode.c.h; path = asrc_abuffer.h; sourceTree = "<group>"; };
		7816B27E1FAE1186007A6350 /* avcodec.h */ = {isa = PBXFileReference; fileEncoding = 4; lastKnownFileType = sourcecode.c.h; path = avcodec.h; sourceTree = "<group>"; };
		7816B27F1FAE1186007A6350 /* avfilter.h */ = {isa = PBXFileReference; fileEncoding = 4; lastKnownFileType = sourcecode.c.h; path = avfilter.h; sourceTree = "<group>"; };
		7816B2801FAE1186007A6350 /* avfiltergraph.h */ = {isa = PBXFileReference; fileEncoding = 4; lastKnownFileType = sourcecode.c.h; path = avfiltergraph.h; sourceTree = "<group>"; };
		7816B2811FAE1186007A6350 /* buffersink.h */ = {isa = PBXFileReference; fileEncoding = 4; lastKnownFileType = sourcecode.c.h; path = buffersink.h; sourceTree = "<group>"; };
		7816B2821FAE1186007A6350 /* buffersrc.h */ = {isa = PBXFileReference; fileEncoding = 4; lastKnownFileType = sourcecode.c.h; path = buffersrc.h; sourceTree = "<group>"; };
		7816B2831FAE1186007A6350 /* version.h */ = {isa = PBXFileReference; fileEncoding = 4; lastKnownFileType = sourcecode.c.h; path = version.h; sourceTree = "<group>"; };
		7816B2851FAE1186007A6350 /* avformat.h */ = {isa = PBXFileReference; fileEncoding = 4; lastKnownFileType = sourcecode.c.h; path = avformat.h; sourceTree = "<group>"; };
		7816B2861FAE1186007A6350 /* avio.h */ = {isa = PBXFileReference; fileEncoding = 4; lastKnownFileType = sourcecode.c.h; path = avio.h; sourceTree = "<group>"; };
		7816B2871FAE1186007A6350 /* ffm.h */ = {isa = PBXFileReference; fileEncoding = 4; lastKnownFileType = sourcecode.c.h; path = ffm.h; sourceTree = "<group>"; };
		7816B2881FAE1186007A6350 /* network.h */ = {isa = PBXFileReference; fileEncoding = 4; lastKnownFileType = sourcecode.c.h; path = network.h; sourceTree = "<group>"; };
		7816B2891FAE1186007A6350 /* os_support.h */ = {isa = PBXFileReference; fileEncoding = 4; lastKnownFileType = sourcecode.c.h; path = os_support.h; sourceTree = "<group>"; };
		7816B28A1FAE1186007A6350 /* url.h */ = {isa = PBXFileReference; fileEncoding = 4; lastKnownFileType = sourcecode.c.h; path = url.h; sourceTree = "<group>"; };
		7816B28B1FAE1186007A6350 /* version.h */ = {isa = PBXFileReference; fileEncoding = 4; lastKnownFileType = sourcecode.c.h; path = version.h; sourceTree = "<group>"; };
		7816B28D1FAE1186007A6350 /* avresample.h */ = {isa = PBXFileReference; fileEncoding = 4; lastKnownFileType = sourcecode.c.h; path = avresample.h; sourceTree = "<group>"; };
		7816B28E1FAE1186007A6350 /* version.h */ = {isa = PBXFileReference; fileEncoding = 4; lastKnownFileType = sourcecode.c.h; path = version.h; sourceTree = "<group>"; };
		7816B2901FAE1186007A6350 /* adler32.h */ = {isa = PBXFileReference; fileEncoding = 4; lastKnownFileType = sourcecode.c.h; path = adler32.h; sourceTree = "<group>"; };
		7816B2911FAE1186007A6350 /* aes.h */ = {isa = PBXFileReference; fileEncoding = 4; lastKnownFileType = sourcecode.c.h; path = aes.h; sourceTree = "<group>"; };
		7816B2921FAE1186007A6350 /* attributes.h */ = {isa = PBXFileReference; fileEncoding = 4; lastKnownFileType = sourcecode.c.h; path = attributes.h; sourceTree = "<group>"; };
		7816B2931FAE1186007A6350 /* audio_fifo.h */ = {isa = PBXFileReference; fileEncoding = 4; lastKnownFileType = sourcecode.c.h; path = audio_fifo.h; sourceTree = "<group>"; };
		7816B2941FAE1186007A6350 /* audioconvert.h */ = {isa = PBXFileReference; fileEncoding = 4; lastKnownFileType = sourcecode.c.h; path = audioconvert.h; sourceTree = "<group>"; };
		7816B2951FAE1186007A6350 /* avassert.h */ = {isa = PBXFileReference; fileEncoding = 4; lastKnownFileType = sourcecode.c.h; path = avassert.h; sourceTree = "<group>"; };
		7816B2961FAE1186007A6350 /* avconfig.h */ = {isa = PBXFileReference; fileEncoding = 4; lastKnownFileType = sourcecode.c.h; path = avconfig.h; sourceTree = "<group>"; };
		7816B2971FAE1186007A6350 /* avstring.h */ = {isa = PBXFileReference; fileEncoding = 4; lastKnownFileType = sourcecode.c.h; path = avstring.h; sourceTree = "<group>"; };
		7816B2981FAE1186007A6350 /* avutil.h */ = {isa = PBXFileReference; fileEncoding = 4; lastKnownFileType = sourcecode.c.h; path = avutil.h; sourceTree = "<group>"; };
		7816B2991FAE1186007A6350 /* base64.h */ = {isa = PBXFileReference; fileEncoding = 4; lastKnownFileType = sourcecode.c.h; path = base64.h; sourceTree = "<group>"; };
		7816B29A1FAE1186007A6350 /* blowfish.h */ = {isa = PBXFileReference; fileEncoding = 4; lastKnownFileType = sourcecode.c.h; path = blowfish.h; sourceTree = "<group>"; };
		7816B29B1FAE1186007A6350 /* bprint.h */ = {isa = PBXFileReference; fileEncoding = 4; lastKnownFileType = sourcecode.c.h; path = bprint.h; sourceTree = "<group>"; };
		7816B29C1FAE1186007A6350 /* bswap.h */ = {isa = PBXFileReference; fileEncoding = 4; lastKnownFileType = sourcecode.c.h; path = bswap.h; sourceTree = "<group>"; };
		7816B29D1FAE1186007A6350 /* buffer.h */ = {isa = PBXFileReference; fileEncoding = 4; lastKnownFileType = sourcecode.c.h; path = buffer.h; sourceTree = "<group>"; };
		7816B29E1FAE1186007A6350 /* camellia.h */ = {isa = PBXFileReference; fileEncoding = 4; lastKnownFileType = sourcecode.c.h; path = camellia.h; sourceTree = "<group>"; };
		7816B29F1FAE1186007A6350 /* cast5.h */ = {isa = PBXFileReference; fileEncoding = 4; lastKnownFileType = sourcecode.c.h; path = cast5.h; sourceTree = "<group>"; };
		7816B2A01FAE1186007A6350 /* channel_layout.h */ = {isa = PBXFileReference; fileEncoding = 4; lastKnownFileType = sourcecode.c.h; path = channel_layout.h; sourceTree = "<group>"; };
		7816B2A11FAE1186007A6350 /* common.h */ = {isa = PBXFileReference; fileEncoding = 4; lastKnownFileType = sourcecode.c.h; path = common.h; sourceTree = "<group>"; };
		7816B2A21FAE1186007A6350 /* cpu.h */ = {isa = PBXFileReference; fileEncoding = 4; lastKnownFileType = sourcecode.c.h; path = cpu.h; sourceTree = "<group>"; };
		7816B2A31FAE1186007A6350 /* crc.h */ = {isa = PBXFileReference; fileEncoding = 4; lastKnownFileType = sourcecode.c.h; path = crc.h; sourceTree = "<group>"; };
		7816B2A41FAE1186007A6350 /* dict.h */ = {isa = PBXFileReference; fileEncoding = 4; lastKnownFileType = sourcecode.c.h; path = dict.h; sourceTree = "<group>"; };
		7816B2A51FAE1186007A6350 /* display.h */ = {isa = PBXFileReference; fileEncoding = 4; lastKnownFileType = sourcecode.c.h; path = display.h; sourceTree = "<group>"; };
		7816B2A61FAE1186007A6350 /* downmix_info.h */ = {isa = PBXFileReference; fileEncoding = 4; lastKnownFileType = sourcecode.c.h; path = downmix_info.h; sourceTree = "<group>"; };
		7816B2A71FAE1186007A6350 /* error.h */ = {isa = PBXFileReference; fileEncoding = 4; lastKnownFileType = sourcecode.c.h; path = error.h; sourceTree = "<group>"; };
		7816B2A81FAE1186007A6350 /* eval.h */ = {isa = PBXFileReference; fileEncoding = 4; lastKnownFileType = sourcecode.c.h; path = eval.h; sourceTree = "<group>"; };
		7816B2A91FAE1186007A6350 /* ffversion.h */ = {isa = PBXFileReference; fileEncoding = 4; lastKnownFileType = sourcecode.c.h; path = ffversion.h; sourceTree = "<group>"; };
		7816B2AA1FAE1186007A6350 /* fifo.h */ = {isa = PBXFileReference; fileEncoding = 4; lastKnownFileType = sourcecode.c.h; path = fifo.h; sourceTree = "<group>"; };
		7816B2AB1FAE1186007A6350 /* file.h */ = {isa = PBXFileReference; fileEncoding = 4; lastKnownFileType = sourcecode.c.h; path = file.h; sourceTree = "<group>"; };
		7816B2AC1FAE1186007A6350 /* frame.h */ = {isa = PBXFileReference; fileEncoding = 4; lastKnownFileType = sourcecode.c.h; path = frame.h; sourceTree = "<group>"; };
		7816B2AD1FAE1186007A6350 /* hash.h */ = {isa = PBXFileReference; fileEncoding = 4; lastKnownFileType = sourcecode.c.h; path = hash.h; sourceTree = "<group>"; };
		7816B2AE1FAE1186007A6350 /* hmac.h */ = {isa = PBXFileReference; fileEncoding = 4; lastKnownFileType = sourcecode.c.h; path = hmac.h; sourceTree = "<group>"; };
		7816B2AF1FAE1186007A6350 /* imgutils.h */ = {isa = PBXFileReference; fileEncoding = 4; lastKnownFileType = sourcecode.c.h; path = imgutils.h; sourceTree = "<group>"; };
		7816B2B01FAE1186007A6350 /* intfloat.h */ = {isa = PBXFileReference; fileEncoding = 4; lastKnownFileType = sourcecode.c.h; path = intfloat.h; sourceTree = "<group>"; };
		7816B2B11FAE1186007A6350 /* intreadwrite.h */ = {isa = PBXFileReference; fileEncoding = 4; lastKnownFileType = sourcecode.c.h; path = intreadwrite.h; sourceTree = "<group>"; };
		7816B2B21FAE1186007A6350 /* lfg.h */ = {isa = PBXFileReference; fileEncoding = 4; lastKnownFileType = sourcecode.c.h; path = lfg.h; sourceTree = "<group>"; };
		7816B2B31FAE1186007A6350 /* libm.h */ = {isa = PBXFileReference; fileEncoding = 4; lastKnownFileType = sourcecode.c.h; path = libm.h; sourceTree = "<group>"; };
		7816B2B41FAE1186007A6350 /* log.h */ = {isa = PBXFileReference; fileEncoding = 4; lastKnownFileType = sourcecode.c.h; path = log.h; sourceTree = "<group>"; };
		7816B2B51FAE1186007A6350 /* macros.h */ = {isa = PBXFileReference; fileEncoding = 4; lastKnownFileType = sourcecode.c.h; path = macros.h; sourceTree = "<group>"; };
		7816B2B61FAE1186007A6350 /* mathematics.h */ = {isa = PBXFileReference; fileEncoding = 4; lastKnownFileType = sourcecode.c.h; path = mathematics.h; sourceTree = "<group>"; };
		7816B2B71FAE1186007A6350 /* md5.h */ = {isa = PBXFileReference; fileEncoding = 4; lastKnownFileType = sourcecode.c.h; path = md5.h; sourceTree = "<group>"; };
		7816B2B81FAE1186007A6350 /* mem.h */ = {isa = PBXFileReference; fileEncoding = 4; lastKnownFileType = sourcecode.c.h; path = mem.h; sourceTree = "<group>"; };
		7816B2B91FAE1186007A6350 /* motion_vector.h */ = {isa = PBXFileReference; fileEncoding = 4; lastKnownFileType = sourcecode.c.h; path = motion_vector.h; sourceTree = "<group>"; };
		7816B2BA1FAE1186007A6350 /* murmur3.h */ = {isa = PBXFileReference; fileEncoding = 4; lastKnownFileType = sourcecode.c.h; path = murmur3.h; sourceTree = "<group>"; };
		7816B2BB1FAE1186007A6350 /* old_pix_fmts.h */ = {isa = PBXFileReference; fileEncoding = 4; lastKnownFileType = sourcecode.c.h; path = old_pix_fmts.h; sourceTree = "<group>"; };
		7816B2BC1FAE1186007A6350 /* opt.h */ = {isa = PBXFileReference; fileEncoding = 4; lastKnownFileType = sourcecode.c.h; path = opt.h; sourceTree = "<group>"; };
		7816B2BD1FAE1186007A6350 /* parseutils.h */ = {isa = PBXFileReference; fileEncoding = 4; lastKnownFileType = sourcecode.c.h; path = parseutils.h; sourceTree = "<group>"; };
		7816B2BE1FAE1186007A6350 /* pixdesc.h */ = {isa = PBXFileReference; fileEncoding = 4; lastKnownFileType = sourcecode.c.h; path = pixdesc.h; sourceTree = "<group>"; };
		7816B2BF1FAE1186007A6350 /* pixelutils.h */ = {isa = PBXFileReference; fileEncoding = 4; lastKnownFileType = sourcecode.c.h; path = pixelutils.h; sourceTree = "<group>"; };
		7816B2C01FAE1186007A6350 /* pixfmt.h */ = {isa = PBXFileReference; fileEncoding = 4; lastKnownFileType = sourcecode.c.h; path = pixfmt.h; sourceTree = "<group>"; };
		7816B2C11FAE1186007A6350 /* random_seed.h */ = {isa = PBXFileReference; fileEncoding = 4; lastKnownFileType = sourcecode.c.h; path = random_seed.h; sourceTree = "<group>"; };
		7816B2C21FAE1186007A6350 /* rational.h */ = {isa = PBXFileReference; fileEncoding = 4; lastKnownFileType = sourcecode.c.h; path = rational.h; sourceTree = "<group>"; };
		7816B2C31FAE1186007A6350 /* replaygain.h */ = {isa = PBXFileReference; fileEncoding = 4; lastKnownFileType = sourcecode.c.h; path = replaygain.h; sourceTree = "<group>"; };
		7816B2C41FAE1186007A6350 /* ripemd.h */ = {isa = PBXFileReference; fileEncoding = 4; lastKnownFileType = sourcecode.c.h; path = ripemd.h; sourceTree = "<group>"; };
		7816B2C51FAE1186007A6350 /* samplefmt.h */ = {isa = PBXFileReference; fileEncoding = 4; lastKnownFileType = sourcecode.c.h; path = samplefmt.h; sourceTree = "<group>"; };
		7816B2C61FAE1186007A6350 /* sha.h */ = {isa = PBXFileReference; fileEncoding = 4; lastKnownFileType = sourcecode.c.h; path = sha.h; sourceTree = "<group>"; };
		7816B2C71FAE1186007A6350 /* sha512.h */ = {isa = PBXFileReference; fileEncoding = 4; lastKnownFileType = sourcecode.c.h; path = sha512.h; sourceTree = "<group>"; };
		7816B2C81FAE1186007A6350 /* stereo3d.h */ = {isa = PBXFileReference; fileEncoding = 4; lastKnownFileType = sourcecode.c.h; path = stereo3d.h; sourceTree = "<group>"; };
		7816B2C91FAE1186007A6350 /* threadmessage.h */ = {isa = PBXFileReference; fileEncoding = 4; lastKnownFileType = sourcecode.c.h; path = threadmessage.h; sourceTree = "<group>"; };
		7816B2CA1FAE1186007A6350 /* f_time.h */ = {isa = PBXFileReference; fileEncoding = 4; lastKnownFileType = sourcecode.c.h; path = f_time.h; sourceTree = "<group>"; };
		7816B2CB1FAE1186007A6350 /* timecode.h */ = {isa = PBXFileReference; fileEncoding = 4; lastKnownFileType = sourcecode.c.h; path = timecode.h; sourceTree = "<group>"; };
		7816B2CC1FAE1186007A6350 /* timestamp.h */ = {isa = PBXFileReference; fileEncoding = 4; lastKnownFileType = sourcecode.c.h; path = timestamp.h; sourceTree = "<group>"; };
		7816B2CD1FAE1186007A6350 /* twofish.h */ = {isa = PBXFileReference; fileEncoding = 4; lastKnownFileType = sourcecode.c.h; path = twofish.h; sourceTree = "<group>"; };
		7816B2CE1FAE1186007A6350 /* version.h */ = {isa = PBXFileReference; fileEncoding = 4; lastKnownFileType = sourcecode.c.h; path = version.h; sourceTree = "<group>"; };
		7816B2CF1FAE1186007A6350 /* xtea.h */ = {isa = PBXFileReference; fileEncoding = 4; lastKnownFileType = sourcecode.c.h; path = xtea.h; sourceTree = "<group>"; };
		7816B2D11FAE1186007A6350 /* postprocess.h */ = {isa = PBXFileReference; fileEncoding = 4; lastKnownFileType = sourcecode.c.h; path = postprocess.h; sourceTree = "<group>"; };
		7816B2D21FAE1186007A6350 /* version.h */ = {isa = PBXFileReference; fileEncoding = 4; lastKnownFileType = sourcecode.c.h; path = version.h; sourceTree = "<group>"; };
		7816B2D41FAE1186007A6350 /* swresample.h */ = {isa = PBXFileReference; fileEncoding = 4; lastKnownFileType = sourcecode.c.h; path = swresample.h; sourceTree = "<group>"; };
		7816B2D51FAE1186007A6350 /* version.h */ = {isa = PBXFileReference; fileEncoding = 4; lastKnownFileType = sourcecode.c.h; path = version.h; sourceTree = "<group>"; };
		7816B2D71FAE1186007A6350 /* swscale.h */ = {isa = PBXFileReference; fileEncoding = 4; lastKnownFileType = sourcecode.c.h; path = swscale.h; sourceTree = "<group>"; };
		7816B2D81FAE1186007A6350 /* version.h */ = {isa = PBXFileReference; fileEncoding = 4; lastKnownFileType = sourcecode.c.h; path = version.h; sourceTree = "<group>"; };
		7816B2D91FAE1186007A6350 /* libavcodec.a */ = {isa = PBXFileReference; lastKnownFileType = archive.ar; path = libavcodec.a; sourceTree = "<group>"; };
		7816B2DA1FAE1186007A6350 /* libavdevice.a */ = {isa = PBXFileReference; lastKnownFileType = archive.ar; path = libavdevice.a; sourceTree = "<group>"; };
		7816B2DB1FAE1186007A6350 /* libavfilter.a */ = {isa = PBXFileReference; lastKnownFileType = archive.ar; path = libavfilter.a; sourceTree = "<group>"; };
		7816B2DC1FAE1186007A6350 /* libavformat.a */ = {isa = PBXFileReference; lastKnownFileType = archive.ar; path = libavformat.a; sourceTree = "<group>"; };
		7816B2DD1FAE1186007A6350 /* libavutil.a */ = {isa = PBXFileReference; lastKnownFileType = archive.ar; path = libavutil.a; sourceTree = "<group>"; };
		7816B2DE1FAE1186007A6350 /* libfaac.a */ = {isa = PBXFileReference; lastKnownFileType = archive.ar; path = libfaac.a; sourceTree = "<group>"; };
		7816B2DF1FAE1186007A6350 /* libpostproc.a */ = {isa = PBXFileReference; lastKnownFileType = archive.ar; path = libpostproc.a; sourceTree = "<group>"; };
		7816B2E01FAE1186007A6350 /* libswresample.a */ = {isa = PBXFileReference; lastKnownFileType = archive.ar; path = libswresample.a; sourceTree = "<group>"; };
		7816B2E11FAE1186007A6350 /* libswscale.a */ = {isa = PBXFileReference; lastKnownFileType = archive.ar; path = libswscale.a; sourceTree = "<group>"; };
		7816B2E21FAE1186007A6350 /* libx264.a */ = {isa = PBXFileReference; lastKnownFileType = archive.ar; path = libx264.a; sourceTree = "<group>"; };
		7816B2F41FAE1BD4007A6350 /* KxAudioManager.h */ = {isa = PBXFileReference; fileEncoding = 4; lastKnownFileType = sourcecode.c.h; path = KxAudioManager.h; sourceTree = "<group>"; };
		7816B2F51FAE1BD4007A6350 /* KxAudioManager.m */ = {isa = PBXFileReference; fileEncoding = 4; lastKnownFileType = sourcecode.c.objc; path = KxAudioManager.m; sourceTree = "<group>"; };
		7816B2F61FAE1BD4007A6350 /* KxLogger.h */ = {isa = PBXFileReference; fileEncoding = 4; lastKnownFileType = sourcecode.c.h; path = KxLogger.h; sourceTree = "<group>"; };
		7816B2F71FAE1BD4007A6350 /* kxmovie-Prefix.pch */ = {isa = PBXFileReference; fileEncoding = 4; lastKnownFileType = sourcecode.c.h; path = "kxmovie-Prefix.pch"; sourceTree = "<group>"; };
		7816B2F81FAE1BD4007A6350 /* kxmovie.bundle */ = {isa = PBXFileReference; lastKnownFileType = "wrapper.plug-in"; path = kxmovie.bundle; sourceTree = "<group>"; };
		7816B2F91FAE1BD4007A6350 /* KxMovieDecoder.h */ = {isa = PBXFileReference; fileEncoding = 4; lastKnownFileType = sourcecode.c.h; path = KxMovieDecoder.h; sourceTree = "<group>"; };
		7816B2FA1FAE1BD4007A6350 /* KxMovieDecoder.m */ = {isa = PBXFileReference; fileEncoding = 4; lastKnownFileType = sourcecode.c.objc; path = KxMovieDecoder.m; sourceTree = "<group>"; };
		7816B2FB1FAE1BD4007A6350 /* KxMovieGLView.h */ = {isa = PBXFileReference; fileEncoding = 4; lastKnownFileType = sourcecode.c.h; path = KxMovieGLView.h; sourceTree = "<group>"; };
		7816B2FC1FAE1BD4007A6350 /* KxMovieGLView.m */ = {isa = PBXFileReference; fileEncoding = 4; lastKnownFileType = sourcecode.c.objc; path = KxMovieGLView.m; sourceTree = "<group>"; };
		7816B2FD1FAE1BD4007A6350 /* KxMovieViewController.h */ = {isa = PBXFileReference; fileEncoding = 4; lastKnownFileType = sourcecode.c.h; path = KxMovieViewController.h; sourceTree = "<group>"; };
		7816B2FE1FAE1BD4007A6350 /* KxMovieViewController.m */ = {isa = PBXFileReference; fileEncoding = 4; lastKnownFileType = sourcecode.c.objc; path = KxMovieViewController.m; sourceTree = "<group>"; };
		7816B3041FAF5622007A6350 /* ChoosingRectView.h */ = {isa = PBXFileReference; lastKnownFileType = sourcecode.c.h; path = ChoosingRectView.h; sourceTree = "<group>"; };
		7816B3051FAF5622007A6350 /* ChoosingRectView.m */ = {isa = PBXFileReference; lastKnownFileType = sourcecode.c.objc; path = ChoosingRectView.m; sourceTree = "<group>"; };
		782A0BB61FDADDBB0041E76F /* DeWaterKeyChain.h */ = {isa = PBXFileReference; lastKnownFileType = sourcecode.c.h; path = DeWaterKeyChain.h; sourceTree = "<group>"; };
		782A0BB71FDADDBB0041E76F /* DeWaterKeyChain.m */ = {isa = PBXFileReference; lastKnownFileType = sourcecode.c.objc; path = DeWaterKeyChain.m; sourceTree = "<group>"; };
		782EBBA81FDCD31C005D3DEC /* libMobClickLibrary.a */ = {isa = PBXFileReference; lastKnownFileType = archive.ar; path = libMobClickLibrary.a; sourceTree = "<group>"; };
		782EBBA91FDCD31D005D3DEC /* MobClick.h */ = {isa = PBXFileReference; fileEncoding = 4; lastKnownFileType = sourcecode.c.h; path = MobClick.h; sourceTree = "<group>"; };
		782EBBAA1FDCD31D005D3DEC /* MobClickSocialAnalytics.h */ = {isa = PBXFileReference; fileEncoding = 4; lastKnownFileType = sourcecode.c.h; path = MobClickSocialAnalytics.h; sourceTree = "<group>"; };
		782EBBAC1FDD0958005D3DEC /* AssetsLibrary.framework */ = {isa = PBXFileReference; lastKnownFileType = wrapper.framework; name = AssetsLibrary.framework; path = System/Library/Frameworks/AssetsLibrary.framework; sourceTree = SDKROOT; };
		783B459A1FCFEA56003770C9 /* CommonConfig.h */ = {isa = PBXFileReference; lastKnownFileType = sourcecode.c.h; path = CommonConfig.h; sourceTree = "<group>"; };
		783B459B1FCFEA56003770C9 /* CommonConfig.m */ = {isa = PBXFileReference; lastKnownFileType = sourcecode.c.objc; path = CommonConfig.m; sourceTree = "<group>"; };
		783B459D1FCFEA64003770C9 /* AdSupport.framework */ = {isa = PBXFileReference; lastKnownFileType = wrapper.framework; name = AdSupport.framework; path = System/Library/Frameworks/AdSupport.framework; sourceTree = SDKROOT; };
		783B45A91FCFED87003770C9 /* URLManager.h */ = {isa = PBXFileReference; lastKnownFileType = sourcecode.c.h; path = URLManager.h; sourceTree = "<group>"; };
		783B45AA1FCFED87003770C9 /* URLManager.m */ = {isa = PBXFileReference; lastKnownFileType = sourcecode.c.objc; path = URLManager.m; sourceTree = "<group>"; };
		785E0D221FD4415C00ADF46D /* WebRequestHandler.h */ = {isa = PBXFileReference; lastKnownFileType = sourcecode.c.h; path = WebRequestHandler.h; sourceTree = "<group>"; };
		785E0D231FD4415C00ADF46D /* WebRequestHandler.m */ = {isa = PBXFileReference; lastKnownFileType = sourcecode.c.objc; path = WebRequestHandler.m; sourceTree = "<group>"; };
		785E0D411FD4CFEC00ADF46D /* PayViewAndLogic.h */ = {isa = PBXFileReference; lastKnownFileType = sourcecode.c.h; path = PayViewAndLogic.h; sourceTree = "<group>"; };
		785E0D421FD4CFEC00ADF46D /* PayViewAndLogic.m */ = {isa = PBXFileReference; lastKnownFileType = sourcecode.c.objc; path = PayViewAndLogic.m; sourceTree = "<group>"; };
		7885D7A01FCC466900A4B59E /* MyVideoConfigView.h */ = {isa = PBXFileReference; lastKnownFileType = sourcecode.c.h; path = MyVideoConfigView.h; sourceTree = "<group>"; };
		7885D7A11FCC466900A4B59E /* MyVideoConfigView.m */ = {isa = PBXFileReference; lastKnownFileType = sourcecode.c.objc; path = MyVideoConfigView.m; sourceTree = "<group>"; };
		7885D7B51FCCFEE900A4B59E /* SelectedViewController.h */ = {isa = PBXFileReference; lastKnownFileType = sourcecode.c.h; path = SelectedViewController.h; sourceTree = "<group>"; };
		7885D7B61FCCFEE900A4B59E /* SelectedViewController.m */ = {isa = PBXFileReference; lastKnownFileType = sourcecode.c.objc; path = SelectedViewController.m; sourceTree = "<group>"; };
		7885D7DD1FCD8A4800A4B59E /* README.txt */ = {isa = PBXFileReference; fileEncoding = 4; lastKnownFileType = text; path = README.txt; sourceTree = "<group>"; };
		7885D7E01FCD8A6A00A4B59E /* libc++.1.tbd */ = {isa = PBXFileReference; lastKnownFileType = "sourcecode.text-based-dylib-definition"; name = "libc++.1.tbd"; path = "usr/lib/libc++.1.tbd"; sourceTree = SDKROOT; };
		7885D7E21FCD8A7700A4B59E /* libc++.tbd */ = {isa = PBXFileReference; lastKnownFileType = "sourcecode.text-based-dylib-definition"; name = "libc++.tbd"; path = "usr/lib/libc++.tbd"; sourceTree = SDKROOT; };
		7885D7E41FCD8A8800A4B59E /* SystemConfiguration.framework */ = {isa = PBXFileReference; lastKnownFileType = wrapper.framework; name = SystemConfiguration.framework; path = System/Library/Frameworks/SystemConfiguration.framework; sourceTree = SDKROOT; };
		7885D7E61FCD8A9700A4B59E /* CoreTelephony.framework */ = {isa = PBXFileReference; lastKnownFileType = wrapper.framework; name = CoreTelephony.framework; path = System/Library/Frameworks/CoreTelephony.framework; sourceTree = SDKROOT; };
		7885D7E71FCD8AA500A4B59E /* QuartzCore.framework */ = {isa = PBXFileReference; lastKnownFileType = wrapper.framework; name = QuartzCore.framework; path = System/Library/Frameworks/QuartzCore.framework; sourceTree = SDKROOT; };
		7885D7E81FCD8AB400A4B59E /* CoreText.framework */ = {isa = PBXFileReference; lastKnownFileType = wrapper.framework; name = CoreText.framework; path = System/Library/Frameworks/CoreText.framework; sourceTree = SDKROOT; };
		7885D7E91FCD8AC000A4B59E /* CoreGraphics.framework */ = {isa = PBXFileReference; lastKnownFileType = wrapper.framework; name = CoreGraphics.framework; path = System/Library/Frameworks/CoreGraphics.framework; sourceTree = SDKROOT; };
		7885D7EA1FCD8AD600A4B59E /* CFNetwork.framework */ = {isa = PBXFileReference; lastKnownFileType = wrapper.framework; name = CFNetwork.framework; path = System/Library/Frameworks/CFNetwork.framework; sourceTree = SDKROOT; };
		7885D7EB1FCD8CFF00A4B59E /* libsqlite3.tbd */ = {isa = PBXFileReference; lastKnownFileType = "sourcecode.text-based-dylib-definition"; name = libsqlite3.tbd; path = usr/lib/libsqlite3.tbd; sourceTree = SDKROOT; };
		7885D7ED1FCD8D1600A4B59E /* CoreMotion.framework */ = {isa = PBXFileReference; lastKnownFileType = wrapper.framework; name = CoreMotion.framework; path = System/Library/Frameworks/CoreMotion.framework; sourceTree = SDKROOT; };
		7885D7FC1FCD974900A4B59E /* MyNavigationViewController.h */ = {isa = PBXFileReference; fileEncoding = 4; lastKnownFileType = sourcecode.c.h; path = MyNavigationViewController.h; sourceTree = "<group>"; };
		7885D7FD1FCD974900A4B59E /* MyNavigationViewController.m */ = {isa = PBXFileReference; fileEncoding = 4; lastKnownFileType = sourcecode.c.objc; path = MyNavigationViewController.m; sourceTree = "<group>"; };
		7885D7FF1FCD98FF00A4B59E /* AboutViewController.h */ = {isa = PBXFileReference; fileEncoding = 4; lastKnownFileType = sourcecode.c.h; path = AboutViewController.h; sourceTree = "<group>"; };
		7885D8001FCD98FF00A4B59E /* RightDrawerTableViewController.h */ = {isa = PBXFileReference; fileEncoding = 4; lastKnownFileType = sourcecode.c.h; path = RightDrawerTableViewController.h; sourceTree = "<group>"; };
		7885D8011FCD990000A4B59E /* AboutViewController.m */ = {isa = PBXFileReference; fileEncoding = 4; lastKnownFileType = sourcecode.c.objc; path = AboutViewController.m; sourceTree = "<group>"; };
		7885D8021FCD990000A4B59E /* RightDrawerTableViewController.m */ = {isa = PBXFileReference; fileEncoding = 4; lastKnownFileType = sourcecode.c.objc; path = RightDrawerTableViewController.m; sourceTree = "<group>"; };
		7885D8051FCD9A1300A4B59E /* MyTableViewCell.m */ = {isa = PBXFileReference; fileEncoding = 4; lastKnownFileType = sourcecode.c.objc; path = MyTableViewCell.m; sourceTree = "<group>"; };
		7885D8061FCD9A1300A4B59E /* MyTableViewCell.h */ = {isa = PBXFileReference; fileEncoding = 4; lastKnownFileType = sourcecode.c.h; path = MyTableViewCell.h; sourceTree = "<group>"; };
		7885D8071FCD9A1300A4B59E /* MyTableViewCell.xib */ = {isa = PBXFileReference; fileEncoding = 4; lastKnownFileType = file.xib; path = MyTableViewCell.xib; sourceTree = "<group>"; };
		78B76C331FC08BE6003DA58E /* arrow@2x.png */ = {isa = PBXFileReference; lastKnownFileType = image.png; path = "arrow@2x.png"; sourceTree = "<group>"; };
		78B76C341FC08BE6003DA58E /* arrow@3x.png */ = {isa = PBXFileReference; lastKnownFileType = image.png; path = "arrow@3x.png"; sourceTree = "<group>"; };
		78B76C351FC08BE6003DA58E /* gridCell_select@2x.png */ = {isa = PBXFileReference; lastKnownFileType = image.png; path = "gridCell_select@2x.png"; sourceTree = "<group>"; };
		78B76C361FC08BE6003DA58E /* gridCell_unSelect@2x.png */ = {isa = PBXFileReference; lastKnownFileType = image.png; path = "gridCell_unSelect@2x.png"; sourceTree = "<group>"; };
		78B76C371FC08BE6003DA58E /* UIView+Addition.h */ = {isa = PBXFileReference; fileEncoding = 4; lastKnownFileType = sourcecode.c.h; path = "UIView+Addition.h"; sourceTree = "<group>"; };
		78B76C381FC08BE6003DA58E /* UIView+Addition.m */ = {isa = PBXFileReference; fileEncoding = 4; lastKnownFileType = sourcecode.c.objc; path = "UIView+Addition.m"; sourceTree = "<group>"; };
		78B76C391FC08BE6003DA58E /* YZYAlbumDropView.h */ = {isa = PBXFileReference; fileEncoding = 4; lastKnownFileType = sourcecode.c.h; path = YZYAlbumDropView.h; sourceTree = "<group>"; };
		78B76C3A1FC08BE6003DA58E /* YZYAlbumDropView.m */ = {isa = PBXFileReference; fileEncoding = 4; lastKnownFileType = sourcecode.c.objc; path = YZYAlbumDropView.m; sourceTree = "<group>"; };
		78B76C3B1FC08BE6003DA58E /* YZYAlbumListCell.h */ = {isa = PBXFileReference; fileEncoding = 4; lastKnownFileType = sourcecode.c.h; path = YZYAlbumListCell.h; sourceTree = "<group>"; };
		78B76C3C1FC08BE6003DA58E /* YZYAlbumListCell.m */ = {isa = PBXFileReference; fileEncoding = 4; lastKnownFileType = sourcecode.c.objc; path = YZYAlbumListCell.m; sourceTree = "<group>"; };
		78B76C3D1FC08BE6003DA58E /* YZYPhotoAsset.h */ = {isa = PBXFileReference; fileEncoding = 4; lastKnownFileType = sourcecode.c.h; path = YZYPhotoAsset.h; sourceTree = "<group>"; };
		78B76C3E1FC08BE6003DA58E /* YZYPhotoAsset.m */ = {isa = PBXFileReference; fileEncoding = 4; lastKnownFileType = sourcecode.c.objc; path = YZYPhotoAsset.m; sourceTree = "<group>"; };
		78B76C3F1FC08BE6003DA58E /* YZYPhotoBrowserCell.h */ = {isa = PBXFileReference; fileEncoding = 4; lastKnownFileType = sourcecode.c.h; path = YZYPhotoBrowserCell.h; sourceTree = "<group>"; };
		78B76C401FC08BE6003DA58E /* YZYPhotoBrowserCell.m */ = {isa = PBXFileReference; fileEncoding = 4; lastKnownFileType = sourcecode.c.objc; path = YZYPhotoBrowserCell.m; sourceTree = "<group>"; };
		78B76C411FC08BE6003DA58E /* YZYPhotoBrowserViewController.h */ = {isa = PBXFileReference; fileEncoding = 4; lastKnownFileType = sourcecode.c.h; path = YZYPhotoBrowserViewController.h; sourceTree = "<group>"; };
		78B76C421FC08BE6003DA58E /* YZYPhotoBrowserViewController.m */ = {isa = PBXFileReference; fileEncoding = 4; lastKnownFileType = sourcecode.c.objc; path = YZYPhotoBrowserViewController.m; sourceTree = "<group>"; };
		78B76C431FC08BE6003DA58E /* YZYPhotoDataManager.h */ = {isa = PBXFileReference; fileEncoding = 4; lastKnownFileType = sourcecode.c.h; path = YZYPhotoDataManager.h; sourceTree = "<group>"; };
		78B76C441FC08BE6003DA58E /* YZYPhotoDataManager.m */ = {isa = PBXFileReference; fileEncoding = 4; lastKnownFileType = sourcecode.c.objc; path = YZYPhotoDataManager.m; sourceTree = "<group>"; };
		78B76C451FC08BE6003DA58E /* YZYPhotoGridCell.h */ = {isa = PBXFileReference; fileEncoding = 4; lastKnownFileType = sourcecode.c.h; path = YZYPhotoGridCell.h; sourceTree = "<group>"; };
		78B76C461FC08BE6003DA58E /* YZYPhotoGridCell.m */ = {isa = PBXFileReference; fileEncoding = 4; lastKnownFileType = sourcecode.c.objc; path = YZYPhotoGridCell.m; sourceTree = "<group>"; };
		78B76C471FC08BE6003DA58E /* YZYPhotoGridViewController.h */ = {isa = PBXFileReference; fileEncoding = 4; lastKnownFileType = sourcecode.c.h; path = YZYPhotoGridViewController.h; sourceTree = "<group>"; };
		78B76C481FC08BE6003DA58E /* YZYPhotoGridViewController.m */ = {isa = PBXFileReference; fileEncoding = 4; lastKnownFileType = sourcecode.c.objc; path = YZYPhotoGridViewController.m; sourceTree = "<group>"; };
		78B76C491FC08BE6003DA58E /* YZYPhotoPicker.h */ = {isa = PBXFileReference; fileEncoding = 4; lastKnownFileType = sourcecode.c.h; path = YZYPhotoPicker.h; sourceTree = "<group>"; };
		78B76C4A1FC08BE6003DA58E /* YZYPhotoPicker.m */ = {isa = PBXFileReference; fileEncoding = 4; lastKnownFileType = sourcecode.c.objc; path = YZYPhotoPicker.m; sourceTree = "<group>"; };
		78B76C651FC179EA003DA58E /* Photos.framework */ = {isa = PBXFileReference; lastKnownFileType = wrapper.framework; name = Photos.framework; path = System/Library/Frameworks/Photos.framework; sourceTree = SDKROOT; };
		78B76C671FC17E0F003DA58E /* AlbumManager.h */ = {isa = PBXFileReference; lastKnownFileType = sourcecode.c.h; path = AlbumManager.h; sourceTree = "<group>"; };
		78B76C681FC17E0F003DA58E /* AlbumManager.m */ = {isa = PBXFileReference; lastKnownFileType = sourcecode.c.objc; path = AlbumManager.m; sourceTree = "<group>"; };
		78CD7AF81FFF684A004F63AF /* IAPManager.m */ = {isa = PBXFileReference; fileEncoding = 4; lastKnownFileType = sourcecode.c.objc; path = IAPManager.m; sourceTree = "<group>"; };
		78CD7AF91FFF684A004F63AF /* IAPManager.h */ = {isa = PBXFileReference; fileEncoding = 4; lastKnownFileType = sourcecode.c.h; path = IAPManager.h; sourceTree = "<group>"; };
		78CD7AFB1FFF686B004F63AF /* StoreKit.framework */ = {isa = PBXFileReference; lastKnownFileType = wrapper.framework; name = StoreKit.framework; path = System/Library/Frameworks/StoreKit.framework; sourceTree = SDKROOT; };
		78CD7AFE1FFF6998004F63AF /* ActivityIndicator.h */ = {isa = PBXFileReference; fileEncoding = 4; lastKnownFileType = sourcecode.c.h; path = ActivityIndicator.h; sourceTree = "<group>"; };
		78CD7AFF1FFF6998004F63AF /* ActivityIndicator.m */ = {isa = PBXFileReference; fileEncoding = 4; lastKnownFileType = sourcecode.c.objc; path = ActivityIndicator.m; sourceTree = "<group>"; };
		78CD7B011FFF69D5004F63AF /* DialogView.h */ = {isa = PBXFileReference; fileEncoding = 4; lastKnownFileType = sourcecode.c.h; path = DialogView.h; sourceTree = "<group>"; };
		78CD7B021FFF69D5004F63AF /* DialogView.m */ = {isa = PBXFileReference; fileEncoding = 4; lastKnownFileType = sourcecode.c.objc; path = DialogView.m; sourceTree = "<group>"; };
		78CE36BF1FC7142300F84932 /* CSMath.h */ = {isa = PBXFileReference; lastKnownFileType = sourcecode.c.h; path = CSMath.h; sourceTree = "<group>"; };
		78CE36C11FC9C81100F84932 /* MyVideosController.h */ = {isa = PBXFileReference; lastKnownFileType = sourcecode.c.h; path = MyVideosController.h; sourceTree = "<group>"; };
		78CE36C21FC9C81100F84932 /* MyVideosController.m */ = {isa = PBXFileReference; lastKnownFileType = sourcecode.c.objc; path = MyVideosController.m; sourceTree = "<group>"; };
		78CE36C41FCA7AA400F84932 /* MediaPlayer.framework */ = {isa = PBXFileReference; lastKnownFileType = wrapper.framework; name = MediaPlayer.framework; path = System/Library/Frameworks/MediaPlayer.framework; sourceTree = SDKROOT; };
		78E41F501FDA0322001A938A /* StringsFile.strings */ = {isa = PBXFileReference; lastKnownFileType = text.plist.strings; path = StringsFile.strings; sourceTree = "<group>"; };
		78E41F741FDA8249001A938A /* PreviewViewController.h */ = {isa = PBXFileReference; lastKnownFileType = sourcecode.c.h; path = PreviewViewController.h; sourceTree = "<group>"; };
		78E41F751FDA8249001A938A /* PreviewViewController.m */ = {isa = PBXFileReference; lastKnownFileType = sourcecode.c.objc; path = PreviewViewController.m; sourceTree = "<group>"; };
		78F8A3D3201D668800981B79 /* QAViewController.m */ = {isa = PBXFileReference; fileEncoding = 4; lastKnownFileType = sourcecode.c.objc; path = QAViewController.m; sourceTree = "<group>"; };
		78F8A3D4201D668800981B79 /* QAViewController.h */ = {isa = PBXFileReference; fileEncoding = 4; lastKnownFileType = sourcecode.c.h; path = QAViewController.h; sourceTree = "<group>"; };
		78F8A3D6201D67B600981B79 /* SelfCenterViewController.h */ = {isa = PBXFileReference; lastKnownFileType = sourcecode.c.h; path = SelfCenterViewController.h; sourceTree = "<group>"; };
		78F8A3D7201D67B600981B79 /* SelfCenterViewController.m */ = {isa = PBXFileReference; lastKnownFileType = sourcecode.c.objc; path = SelfCenterViewController.m; sourceTree = "<group>"; };
		D5A7B4A3F9CD70FB2B85E626 /* Pods-DeWaterMark.debug.xcconfig */ = {isa = PBXFileReference; includeInIndex = 1; lastKnownFileType = text.xcconfig; name = "Pods-DeWaterMark.debug.xcconfig"; path = "Pods/Target Support Files/Pods-DeWaterMark/Pods-DeWaterMark.debug.xcconfig"; sourceTree = "<group>"; };
/* End PBXFileReference section */

/* Begin PBXFrameworksBuildPhase section */
		7816B1981FAD5F77007A6350 /* Frameworks */ = {
			isa = PBXFrameworksBuildPhase;
			buildActionMask = 2147483647;
			files = (
				78CD7AFC1FFF6872004F63AF /* StoreKit.framework in Frameworks */,
				782EBBAD1FDD095F005D3DEC /* AssetsLibrary.framework in Frameworks */,
				783B459E1FCFEA6B003770C9 /* AdSupport.framework in Frameworks */,
				7885D7EF1FCD8D2600A4B59E /* CoreTelephony.framework in Frameworks */,
				7885D7EE1FCD8D2000A4B59E /* CoreMotion.framework in Frameworks */,
				782EBBAB1FDCD31D005D3DEC /* libMobClickLibrary.a in Frameworks */,
				7885D7E51FCD8A8F00A4B59E /* SystemConfiguration.framework in Frameworks */,
				78CE36C51FCA7AAA00F84932 /* MediaPlayer.framework in Frameworks */,
				78B76C661FC179F4003DA58E /* Photos.framework in Frameworks */,
				7816B2F11FAE1186007A6350 /* libswscale.a in Frameworks */,
				7816B2EB1FAE1186007A6350 /* libavfilter.a in Frameworks */,
				7885D7E31FCD8A7700A4B59E /* libc++.tbd in Frameworks */,
				7816B2EA1FAE1186007A6350 /* libavdevice.a in Frameworks */,
				7816B2EE1FAE1186007A6350 /* libfaac.a in Frameworks */,
				7885D7EC1FCD8CFF00A4B59E /* libsqlite3.tbd in Frameworks */,
				7816B2EC1FAE1186007A6350 /* libavformat.a in Frameworks */,
				7816B25A1FAE0EAC007A6350 /* AVFoundation.framework in Frameworks */,
				7816B2F21FAE1186007A6350 /* libx264.a in Frameworks */,
				7816B2581FAE0E9D007A6350 /* libz.tbd in Frameworks */,
				B0054FD734633A011F74A7FA /* libPods-DeWaterMark.a in Frameworks */,
				7816B2EF1FAE1186007A6350 /* libpostproc.a in Frameworks */,
				7816B2ED1FAE1186007A6350 /* libavutil.a in Frameworks */,
				7816B2F01FAE1186007A6350 /* libswresample.a in Frameworks */,
				7816B2E91FAE1186007A6350 /* libavcodec.a in Frameworks */,
			);
			runOnlyForDeploymentPostprocessing = 0;
		};
/* End PBXFrameworksBuildPhase section */

/* Begin PBXGroup section */
		780241A2205F58DF00FFFD5B /* Controller */ = {
			isa = PBXGroup;
			children = (
				780241A6205F597500FFFD5B /* EditViewVC */,
				780241A5205F596200FFFD5B /* MyVideoVC */,
				780241A4205F593000FFFD5B /* SelfCenterVC */,
				780241A3205F591B00FFFD5B /* RootVC */,
			);
			path = Controller;
			sourceTree = "<group>";
		};
		780241A3205F591B00FFFD5B /* RootVC */ = {
			isa = PBXGroup;
			children = (
				7816B1A11FAD5F77007A6350 /* ViewController.h */,
				7816B1A21FAD5F77007A6350 /* ViewController.m */,
				7885D7FF1FCD98FF00A4B59E /* AboutViewController.h */,
				7885D8011FCD990000A4B59E /* AboutViewController.m */,
				7885D8001FCD98FF00A4B59E /* RightDrawerTableViewController.h */,
				7885D8021FCD990000A4B59E /* RightDrawerTableViewController.m */,
				7885D7FC1FCD974900A4B59E /* MyNavigationViewController.h */,
				7885D7FD1FCD974900A4B59E /* MyNavigationViewController.m */,
				78F8A3D4201D668800981B79 /* QAViewController.h */,
				78F8A3D3201D668800981B79 /* QAViewController.m */,
			);
			path = RootVC;
			sourceTree = "<group>";
		};
		780241A4205F593000FFFD5B /* SelfCenterVC */ = {
			isa = PBXGroup;
			children = (
				78F8A3D6201D67B600981B79 /* SelfCenterViewController.h */,
				78F8A3D7201D67B600981B79 /* SelfCenterViewController.m */,
				7885D7B51FCCFEE900A4B59E /* SelectedViewController.h */,
				7885D7B61FCCFEE900A4B59E /* SelectedViewController.m */,
			);
			path = SelfCenterVC;
			sourceTree = "<group>";
		};
		780241A5205F596200FFFD5B /* MyVideoVC */ = {
			isa = PBXGroup;
			children = (
				78CE36C11FC9C81100F84932 /* MyVideosController.h */,
				78CE36C21FC9C81100F84932 /* MyVideosController.m */,
			);
			path = MyVideoVC;
			sourceTree = "<group>";
		};
		780241A6205F597500FFFD5B /* EditViewVC */ = {
			isa = PBXGroup;
			children = (
				7816B1B51FAD61FD007A6350 /* EditViewController.h */,
				7816B1B61FAD61FD007A6350 /* EditViewController.m */,
				78E41F741FDA8249001A938A /* PreviewViewController.h */,
				78E41F751FDA8249001A938A /* PreviewViewController.m */,
			);
			path = EditViewVC;
			sourceTree = "<group>";
		};
		7816B1921FAD5F77007A6350 = {
			isa = PBXGroup;
			children = (
				7816B19D1FAD5F77007A6350 /* DeWaterMark */,
				7816B19C1FAD5F77007A6350 /* Products */,
				B160A45D379441B40FAC253F /* Pods */,
				AD5B086707C6767EB09DF68C /* Frameworks */,
			);
			sourceTree = "<group>";
		};
		7816B19C1FAD5F77007A6350 /* Products */ = {
			isa = PBXGroup;
			children = (
				7816B19B1FAD5F77007A6350 /* DeWaterMark.app */,
			);
			name = Products;
			sourceTree = "<group>";
		};
		7816B19D1FAD5F77007A6350 /* DeWaterMark */ = {
			isa = PBXGroup;
			children = (
				7885D7D41FCD89E400A4B59E /* thirdPart */,
				7816B24C1FAE0E09007A6350 /* resource.bundle */,
				7816B1BC1FADF1ED007A6350 /* Model */,
				7816B1BB1FADF1D3007A6350 /* View */,
				780241A2205F58DF00FFFD5B /* Controller */,
				7816B19E1FAD5F77007A6350 /* AppDelegate.h */,
				7816B19F1FAD5F77007A6350 /* AppDelegate.m */,
				7816B1A41FAD5F77007A6350 /* Main.storyboard */,
				7816B1A71FAD5F77007A6350 /* Assets.xcassets */,
				7816B1A91FAD5F77007A6350 /* LaunchScreen.storyboard */,
				7816B1AC1FAD5F77007A6350 /* Info.plist */,
				7816B1AD1FAD5F77007A6350 /* main.m */,
			);
			path = DeWaterMark;
			sourceTree = "<group>";
		};
		7816B1B41FAD61C8007A6350 /* EditGroup */ = {
			isa = PBXGroup;
			children = (
				7816B1B81FAD66AA007A6350 /* EditSliderView.h */,
				7816B1B91FAD66AA007A6350 /* EditSliderView.m */,
				7816B3041FAF5622007A6350 /* ChoosingRectView.h */,
				7816B3051FAF5622007A6350 /* ChoosingRectView.m */,
			);
			path = EditGroup;
			sourceTree = "<group>";
		};
		7816B1BB1FADF1D3007A6350 /* View */ = {
			isa = PBXGroup;
			children = (
				78CD7AFD1FFF6989004F63AF /* Utils */,
				7816B1B41FAD61C8007A6350 /* EditGroup */,
				78CE36C01FC9C72E00F84932 /* MyProductsView */,
				78F8A3D2201D658700981B79 /* SelfCenter */,
				7885D7C51FCD468E00A4B59E /* RootView */,
			);
			path = View;
			sourceTree = "<group>";
		};
		7816B1BC1FADF1ED007A6350 /* Model */ = {
			isa = PBXGroup;
			children = (
				78CD7AF71FFF682B004F63AF /* IAP */,
				783B459F1FCFEBBD003770C9 /* web */,
				783B45991FCFE9DE003770C9 /* utility */,
				78B76C671FC17E0F003DA58E /* AlbumManager.h */,
				78B76C681FC17E0F003DA58E /* AlbumManager.m */,
				7816B1BD1FADF224007A6350 /* MyFileManage.h */,
				7816B1BE1FADF224007A6350 /* MyFileManage.m */,
				78E41F501FDA0322001A938A /* StringsFile.strings */,
			);
			path = Model;
			sourceTree = "<group>";
		};
		7816B25B1FAE1186007A6350 /* ffmpeg */ = {
			isa = PBXGroup;
			children = (
				7816B25C1FAE1186007A6350 /* cmdutils.c */,
				7816B25D1FAE1186007A6350 /* cmdutils.h */,
				7816B25E1FAE1186007A6350 /* cmdutils_common_opts.h */,
				7816B25F1FAE1186007A6350 /* config.h */,
				7816B2601FAE1186007A6350 /* ffmpeg.h */,
				7816B2611FAE1186007A6350 /* ffmpeg_filter.c */,
				7816B2621FAE1186007A6350 /* ffmpeg_mod.c */,
				7816B2631FAE1186007A6350 /* ffmpeg_opt.c */,
				7816B2641FAE1186007A6350 /* include */,
				7816B2D91FAE1186007A6350 /* libavcodec.a */,
				7816B2DA1FAE1186007A6350 /* libavdevice.a */,
				7816B2DB1FAE1186007A6350 /* libavfilter.a */,
				7816B2DC1FAE1186007A6350 /* libavformat.a */,
				7816B2DD1FAE1186007A6350 /* libavutil.a */,
				7816B2DE1FAE1186007A6350 /* libfaac.a */,
				7816B2DF1FAE1186007A6350 /* libpostproc.a */,
				7816B2E01FAE1186007A6350 /* libswresample.a */,
				7816B2E11FAE1186007A6350 /* libswscale.a */,
				7816B2E21FAE1186007A6350 /* libx264.a */,
			);
			path = ffmpeg;
			sourceTree = "<group>";
		};
		7816B2641FAE1186007A6350 /* include */ = {
			isa = PBXGroup;
			children = (
				7816B2651FAE1186007A6350 /* compat */,
				7816B26B1FAE1186007A6350 /* libavcodec */,
				7816B2791FAE1186007A6350 /* libavdevice */,
				7816B27C1FAE1186007A6350 /* libavfilter */,
				7816B2841FAE1186007A6350 /* libavformat */,
				7816B28C1FAE1186007A6350 /* libavresample */,
				7816B28F1FAE1186007A6350 /* libavutil */,
				7816B2D01FAE1186007A6350 /* libpostproc */,
				7816B2D31FAE1186007A6350 /* libswresample */,
				7816B2D61FAE1186007A6350 /* libswscale */,
			);
			path = include;
			sourceTree = "<group>";
		};
		7816B2651FAE1186007A6350 /* compat */ = {
			isa = PBXGroup;
			children = (
				7816B2661FAE1186007A6350 /* getopt.c */,
				7816B2671FAE1186007A6350 /* os2threads.h */,
				7816B2681FAE1186007A6350 /* strtod.c */,
				7816B2691FAE1186007A6350 /* va_copy.h */,
				7816B26A1FAE1186007A6350 /* w32pthreads.h */,
			);
			path = compat;
			sourceTree = "<group>";
		};
		7816B26B1FAE1186007A6350 /* libavcodec */ = {
			isa = PBXGroup;
			children = (
				7816B26C1FAE1186007A6350 /* avcodec.h */,
				7816B26D1FAE1186007A6350 /* avfft.h */,
				7816B26E1FAE1186007A6350 /* d3d11va.h */,
				7816B26F1FAE1186007A6350 /* dv_profile.h */,
				7816B2701FAE1186007A6350 /* dxva2.h */,
				7816B2711FAE1186007A6350 /* old_codec_ids.h */,
				7816B2721FAE1186007A6350 /* qsv.h */,
				7816B2731FAE1186007A6350 /* vaapi.h */,
				7816B2741FAE1186007A6350 /* vda.h */,
				7816B2751FAE1186007A6350 /* vdpau.h */,
				7816B2761FAE1186007A6350 /* version.h */,
				7816B2771FAE1186007A6350 /* vorbis_parser.h */,
				7816B2781FAE1186007A6350 /* xvmc.h */,
			);
			path = libavcodec;
			sourceTree = "<group>";
		};
		7816B2791FAE1186007A6350 /* libavdevice */ = {
			isa = PBXGroup;
			children = (
				7816B27A1FAE1186007A6350 /* avdevice.h */,
				7816B27B1FAE1186007A6350 /* version.h */,
			);
			path = libavdevice;
			sourceTree = "<group>";
		};
		7816B27C1FAE1186007A6350 /* libavfilter */ = {
			isa = PBXGroup;
			children = (
				7816B27D1FAE1186007A6350 /* asrc_abuffer.h */,
				7816B27E1FAE1186007A6350 /* avcodec.h */,
				7816B27F1FAE1186007A6350 /* avfilter.h */,
				7816B2801FAE1186007A6350 /* avfiltergraph.h */,
				7816B2811FAE1186007A6350 /* buffersink.h */,
				7816B2821FAE1186007A6350 /* buffersrc.h */,
				7816B2831FAE1186007A6350 /* version.h */,
			);
			path = libavfilter;
			sourceTree = "<group>";
		};
		7816B2841FAE1186007A6350 /* libavformat */ = {
			isa = PBXGroup;
			children = (
				7816B2851FAE1186007A6350 /* avformat.h */,
				7816B2861FAE1186007A6350 /* avio.h */,
				7816B2871FAE1186007A6350 /* ffm.h */,
				7816B2881FAE1186007A6350 /* network.h */,
				7816B2891FAE1186007A6350 /* os_support.h */,
				7816B28A1FAE1186007A6350 /* url.h */,
				7816B28B1FAE1186007A6350 /* version.h */,
			);
			path = libavformat;
			sourceTree = "<group>";
		};
		7816B28C1FAE1186007A6350 /* libavresample */ = {
			isa = PBXGroup;
			children = (
				7816B28D1FAE1186007A6350 /* avresample.h */,
				7816B28E1FAE1186007A6350 /* version.h */,
			);
			path = libavresample;
			sourceTree = "<group>";
		};
		7816B28F1FAE1186007A6350 /* libavutil */ = {
			isa = PBXGroup;
			children = (
				7816B2901FAE1186007A6350 /* adler32.h */,
				7816B2911FAE1186007A6350 /* aes.h */,
				7816B2921FAE1186007A6350 /* attributes.h */,
				7816B2931FAE1186007A6350 /* audio_fifo.h */,
				7816B2941FAE1186007A6350 /* audioconvert.h */,
				7816B2951FAE1186007A6350 /* avassert.h */,
				7816B2961FAE1186007A6350 /* avconfig.h */,
				7816B2971FAE1186007A6350 /* avstring.h */,
				7816B2981FAE1186007A6350 /* avutil.h */,
				7816B2991FAE1186007A6350 /* base64.h */,
				7816B29A1FAE1186007A6350 /* blowfish.h */,
				7816B29B1FAE1186007A6350 /* bprint.h */,
				7816B29C1FAE1186007A6350 /* bswap.h */,
				7816B29D1FAE1186007A6350 /* buffer.h */,
				7816B29E1FAE1186007A6350 /* camellia.h */,
				7816B29F1FAE1186007A6350 /* cast5.h */,
				7816B2A01FAE1186007A6350 /* channel_layout.h */,
				7816B2A11FAE1186007A6350 /* common.h */,
				7816B2A21FAE1186007A6350 /* cpu.h */,
				7816B2A31FAE1186007A6350 /* crc.h */,
				7816B2A41FAE1186007A6350 /* dict.h */,
				7816B2A51FAE1186007A6350 /* display.h */,
				7816B2A61FAE1186007A6350 /* downmix_info.h */,
				7816B2A71FAE1186007A6350 /* error.h */,
				7816B2A81FAE1186007A6350 /* eval.h */,
				7816B2A91FAE1186007A6350 /* ffversion.h */,
				7816B2AA1FAE1186007A6350 /* fifo.h */,
				7816B2AB1FAE1186007A6350 /* file.h */,
				7816B2AC1FAE1186007A6350 /* frame.h */,
				7816B2AD1FAE1186007A6350 /* hash.h */,
				7816B2AE1FAE1186007A6350 /* hmac.h */,
				7816B2AF1FAE1186007A6350 /* imgutils.h */,
				7816B2B01FAE1186007A6350 /* intfloat.h */,
				7816B2B11FAE1186007A6350 /* intreadwrite.h */,
				7816B2B21FAE1186007A6350 /* lfg.h */,
				7816B2B31FAE1186007A6350 /* libm.h */,
				7816B2B41FAE1186007A6350 /* log.h */,
				7816B2B51FAE1186007A6350 /* macros.h */,
				7816B2B61FAE1186007A6350 /* mathematics.h */,
				7816B2B71FAE1186007A6350 /* md5.h */,
				7816B2B81FAE1186007A6350 /* mem.h */,
				7816B2B91FAE1186007A6350 /* motion_vector.h */,
				7816B2BA1FAE1186007A6350 /* murmur3.h */,
				7816B2BB1FAE1186007A6350 /* old_pix_fmts.h */,
				7816B2BC1FAE1186007A6350 /* opt.h */,
				7816B2BD1FAE1186007A6350 /* parseutils.h */,
				7816B2BE1FAE1186007A6350 /* pixdesc.h */,
				7816B2BF1FAE1186007A6350 /* pixelutils.h */,
				7816B2C01FAE1186007A6350 /* pixfmt.h */,
				7816B2C11FAE1186007A6350 /* random_seed.h */,
				7816B2C21FAE1186007A6350 /* rational.h */,
				7816B2C31FAE1186007A6350 /* replaygain.h */,
				7816B2C41FAE1186007A6350 /* ripemd.h */,
				7816B2C51FAE1186007A6350 /* samplefmt.h */,
				7816B2C61FAE1186007A6350 /* sha.h */,
				7816B2C71FAE1186007A6350 /* sha512.h */,
				7816B2C81FAE1186007A6350 /* stereo3d.h */,
				7816B2C91FAE1186007A6350 /* threadmessage.h */,
				7816B2CA1FAE1186007A6350 /* f_time.h */,
				7816B2CB1FAE1186007A6350 /* timecode.h */,
				7816B2CC1FAE1186007A6350 /* timestamp.h */,
				7816B2CD1FAE1186007A6350 /* twofish.h */,
				7816B2CE1FAE1186007A6350 /* version.h */,
				7816B2CF1FAE1186007A6350 /* xtea.h */,
			);
			path = libavutil;
			sourceTree = "<group>";
		};
		7816B2D01FAE1186007A6350 /* libpostproc */ = {
			isa = PBXGroup;
			children = (
				7816B2D11FAE1186007A6350 /* postprocess.h */,
				7816B2D21FAE1186007A6350 /* version.h */,
			);
			path = libpostproc;
			sourceTree = "<group>";
		};
		7816B2D31FAE1186007A6350 /* libswresample */ = {
			isa = PBXGroup;
			children = (
				7816B2D41FAE1186007A6350 /* swresample.h */,
				7816B2D51FAE1186007A6350 /* version.h */,
			);
			path = libswresample;
			sourceTree = "<group>";
		};
		7816B2D61FAE1186007A6350 /* libswscale */ = {
			isa = PBXGroup;
			children = (
				7816B2D71FAE1186007A6350 /* swscale.h */,
				7816B2D81FAE1186007A6350 /* version.h */,
			);
			path = libswscale;
			sourceTree = "<group>";
		};
		7816B2F31FAE1BD4007A6350 /* kxmovie */ = {
			isa = PBXGroup;
			children = (
				78CE36BF1FC7142300F84932 /* CSMath.h */,
				7816B2F41FAE1BD4007A6350 /* KxAudioManager.h */,
				7816B2F51FAE1BD4007A6350 /* KxAudioManager.m */,
				7816B2F61FAE1BD4007A6350 /* KxLogger.h */,
				7816B2F71FAE1BD4007A6350 /* kxmovie-Prefix.pch */,
				7816B2F81FAE1BD4007A6350 /* kxmovie.bundle */,
				7816B2F91FAE1BD4007A6350 /* KxMovieDecoder.h */,
				7816B2FA1FAE1BD4007A6350 /* KxMovieDecoder.m */,
				7816B2FB1FAE1BD4007A6350 /* KxMovieGLView.h */,
				7816B2FC1FAE1BD4007A6350 /* KxMovieGLView.m */,
				7816B2FD1FAE1BD4007A6350 /* KxMovieViewController.h */,
				7816B2FE1FAE1BD4007A6350 /* KxMovieViewController.m */,
			);
			path = kxmovie;
			sourceTree = "<group>";
		};
		782EBBA71FDCD31C005D3DEC /* UMAnalytics_Sdk_3.5.10 */ = {
			isa = PBXGroup;
			children = (
				782EBBA81FDCD31C005D3DEC /* libMobClickLibrary.a */,
				782EBBA91FDCD31D005D3DEC /* MobClick.h */,
				782EBBAA1FDCD31D005D3DEC /* MobClickSocialAnalytics.h */,
			);
			path = UMAnalytics_Sdk_3.5.10;
			sourceTree = "<group>";
		};
		783B45991FCFE9DE003770C9 /* utility */ = {
			isa = PBXGroup;
			children = (
				783B459A1FCFEA56003770C9 /* CommonConfig.h */,
				783B459B1FCFEA56003770C9 /* CommonConfig.m */,
				782A0BB61FDADDBB0041E76F /* DeWaterKeyChain.h */,
				782A0BB71FDADDBB0041E76F /* DeWaterKeyChain.m */,
			);
			path = utility;
			sourceTree = "<group>";
		};
		783B459F1FCFEBBD003770C9 /* web */ = {
			isa = PBXGroup;
			children = (
				783B45A91FCFED87003770C9 /* URLManager.h */,
				783B45AA1FCFED87003770C9 /* URLManager.m */,
				785E0D221FD4415C00ADF46D /* WebRequestHandler.h */,
				785E0D231FD4415C00ADF46D /* WebRequestHandler.m */,
			);
			path = web;
			sourceTree = "<group>";
		};
		7885D7C51FCD468E00A4B59E /* RootView */ = {
			isa = PBXGroup;
			children = (
				7885D8061FCD9A1300A4B59E /* MyTableViewCell.h */,
				7885D8051FCD9A1300A4B59E /* MyTableViewCell.m */,
				7885D8071FCD9A1300A4B59E /* MyTableViewCell.xib */,
			);
			path = RootView;
			sourceTree = "<group>";
		};
		7885D7D41FCD89E400A4B59E /* thirdPart */ = {
			isa = PBXGroup;
			children = (
				78B76C311FC08BE6003DA58E /* YZYPhotoPicker */,
				7816B2F31FAE1BD4007A6350 /* kxmovie */,
				7816B25B1FAE1186007A6350 /* ffmpeg */,
				782EBBA71FDCD31C005D3DEC /* UMAnalytics_Sdk_3.5.10 */,
				7885D7DD1FCD8A4800A4B59E /* README.txt */,
			);
			path = thirdPart;
			sourceTree = "<group>";
		};
		78B76C311FC08BE6003DA58E /* YZYPhotoPicker */ = {
			isa = PBXGroup;
			children = (
				78B76C321FC08BE6003DA58E /* ImageSource */,
				78B76C371FC08BE6003DA58E /* UIView+Addition.h */,
				78B76C381FC08BE6003DA58E /* UIView+Addition.m */,
				78B76C391FC08BE6003DA58E /* YZYAlbumDropView.h */,
				78B76C3A1FC08BE6003DA58E /* YZYAlbumDropView.m */,
				78B76C3B1FC08BE6003DA58E /* YZYAlbumListCell.h */,
				78B76C3C1FC08BE6003DA58E /* YZYAlbumListCell.m */,
				78B76C3D1FC08BE6003DA58E /* YZYPhotoAsset.h */,
				78B76C3E1FC08BE6003DA58E /* YZYPhotoAsset.m */,
				78B76C3F1FC08BE6003DA58E /* YZYPhotoBrowserCell.h */,
				78B76C401FC08BE6003DA58E /* YZYPhotoBrowserCell.m */,
				78B76C411FC08BE6003DA58E /* YZYPhotoBrowserViewController.h */,
				78B76C421FC08BE6003DA58E /* YZYPhotoBrowserViewController.m */,
				78B76C431FC08BE6003DA58E /* YZYPhotoDataManager.h */,
				78B76C441FC08BE6003DA58E /* YZYPhotoDataManager.m */,
				78B76C451FC08BE6003DA58E /* YZYPhotoGridCell.h */,
				78B76C461FC08BE6003DA58E /* YZYPhotoGridCell.m */,
				78B76C471FC08BE6003DA58E /* YZYPhotoGridViewController.h */,
				78B76C481FC08BE6003DA58E /* YZYPhotoGridViewController.m */,
				78B76C491FC08BE6003DA58E /* YZYPhotoPicker.h */,
				78B76C4A1FC08BE6003DA58E /* YZYPhotoPicker.m */,
			);
			path = YZYPhotoPicker;
			sourceTree = "<group>";
		};
		78B76C321FC08BE6003DA58E /* ImageSource */ = {
			isa = PBXGroup;
			children = (
				78B76C331FC08BE6003DA58E /* arrow@2x.png */,
				78B76C341FC08BE6003DA58E /* arrow@3x.png */,
				78B76C351FC08BE6003DA58E /* gridCell_select@2x.png */,
				78B76C361FC08BE6003DA58E /* gridCell_unSelect@2x.png */,
			);
			path = ImageSource;
			sourceTree = "<group>";
		};
		78CD7AF71FFF682B004F63AF /* IAP */ = {
			isa = PBXGroup;
			children = (
				78CD7AF91FFF684A004F63AF /* IAPManager.h */,
				78CD7AF81FFF684A004F63AF /* IAPManager.m */,
			);
			path = IAP;
			sourceTree = "<group>";
		};
		78CD7AFD1FFF6989004F63AF /* Utils */ = {
			isa = PBXGroup;
			children = (
				78CD7B011FFF69D5004F63AF /* DialogView.h */,
				78CD7B021FFF69D5004F63AF /* DialogView.m */,
				78CD7AFE1FFF6998004F63AF /* ActivityIndicator.h */,
				78CD7AFF1FFF6998004F63AF /* ActivityIndicator.m */,
			);
			path = Utils;
			sourceTree = "<group>";
		};
		78CE36C01FC9C72E00F84932 /* MyProductsView */ = {
			isa = PBXGroup;
			children = (
				7885D7A01FCC466900A4B59E /* MyVideoConfigView.h */,
				7885D7A11FCC466900A4B59E /* MyVideoConfigView.m */,
			);
			path = MyProductsView;
			sourceTree = "<group>";
		};
		78F8A3D2201D658700981B79 /* SelfCenter */ = {
			isa = PBXGroup;
			children = (
				785E0D411FD4CFEC00ADF46D /* PayViewAndLogic.h */,
				785E0D421FD4CFEC00ADF46D /* PayViewAndLogic.m */,
			);
			path = SelfCenter;
			sourceTree = "<group>";
		};
		AD5B086707C6767EB09DF68C /* Frameworks */ = {
			isa = PBXGroup;
			children = (
				78CD7AFB1FFF686B004F63AF /* StoreKit.framework */,
				782EBBAC1FDD0958005D3DEC /* AssetsLibrary.framework */,
				783B459D1FCFEA64003770C9 /* AdSupport.framework */,
				7885D7ED1FCD8D1600A4B59E /* CoreMotion.framework */,
				7885D7EB1FCD8CFF00A4B59E /* libsqlite3.tbd */,
				7885D7EA1FCD8AD600A4B59E /* CFNetwork.framework */,
				7885D7E91FCD8AC000A4B59E /* CoreGraphics.framework */,
				7885D7E81FCD8AB400A4B59E /* CoreText.framework */,
				7885D7E71FCD8AA500A4B59E /* QuartzCore.framework */,
				7885D7E61FCD8A9700A4B59E /* CoreTelephony.framework */,
				7885D7E41FCD8A8800A4B59E /* SystemConfiguration.framework */,
				7885D7E21FCD8A7700A4B59E /* libc++.tbd */,
				7885D7E01FCD8A6A00A4B59E /* libc++.1.tbd */,
				78CE36C41FCA7AA400F84932 /* MediaPlayer.framework */,
				78B76C651FC179EA003DA58E /* Photos.framework */,
				7816B2591FAE0EA1007A6350 /* AVFoundation.framework */,
				7816B2571FAE0E9D007A6350 /* libz.tbd */,
				6AD91559F3BC1914E85766A2 /* libPods-DeWaterMark.a */,
			);
			name = Frameworks;
			sourceTree = "<group>";
		};
		B160A45D379441B40FAC253F /* Pods */ = {
			isa = PBXGroup;
			children = (
				D5A7B4A3F9CD70FB2B85E626 /* Pods-DeWaterMark.debug.xcconfig */,
				74D21B5D31B6FE3298C545D2 /* Pods-DeWaterMark.release.xcconfig */,
			);
			name = Pods;
			sourceTree = "<group>";
		};
/* End PBXGroup section */

/* Begin PBXNativeTarget section */
		7816B19A1FAD5F77007A6350 /* DeWaterMark */ = {
			isa = PBXNativeTarget;
			buildConfigurationList = 7816B1B11FAD5F77007A6350 /* Build configuration list for PBXNativeTarget "DeWaterMark" */;
			buildPhases = (
				025025AF85A2B2018B85AD2C /* [CP] Check Pods Manifest.lock */,
				7816B1971FAD5F77007A6350 /* Sources */,
				7816B1981FAD5F77007A6350 /* Frameworks */,
				7816B1991FAD5F77007A6350 /* Resources */,
				7B299A2694CA986E823E448F /* [CP] Embed Pods Frameworks */,
				4B523D80C64980C6546B3844 /* [CP] Copy Pods Resources */,
			);
			buildRules = (
			);
			dependencies = (
			);
			name = DeWaterMark;
			productName = DeWaterMark;
			productReference = 7816B19B1FAD5F77007A6350 /* DeWaterMark.app */;
			productType = "com.apple.product-type.application";
		};
/* End PBXNativeTarget section */

/* Begin PBXProject section */
		7816B1931FAD5F77007A6350 /* Project object */ = {
			isa = PBXProject;
			attributes = {
				LastUpgradeCheck = 0900;
				ORGANIZATIONNAME = JFChen;
				TargetAttributes = {
					7816B19A1FAD5F77007A6350 = {
						CreatedOnToolsVersion = 9.0.1;
						ProvisioningStyle = Automatic;
					};
				};
			};
			buildConfigurationList = 7816B1961FAD5F77007A6350 /* Build configuration list for PBXProject "DeWaterMark" */;
			compatibilityVersion = "Xcode 8.0";
			developmentRegion = en;
			hasScannedForEncodings = 0;
			knownRegions = (
				en,
				Base,
			);
			mainGroup = 7816B1921FAD5F77007A6350;
			productRefGroup = 7816B19C1FAD5F77007A6350 /* Products */;
			projectDirPath = "";
			projectRoot = "";
			targets = (
				7816B19A1FAD5F77007A6350 /* DeWaterMark */,
			);
		};
/* End PBXProject section */

/* Begin PBXResourcesBuildPhase section */
		7816B1991FAD5F77007A6350 /* Resources */ = {
			isa = PBXResourcesBuildPhase;
			buildActionMask = 2147483647;
			files = (
				7885D8091FCD9A1400A4B59E /* MyTableViewCell.xib in Resources */,
				78B76C4D1FC08BE6003DA58E /* gridCell_select@2x.png in Resources */,
				7885D7DF1FCD8A4900A4B59E /* README.txt in Resources */,
				7816B1AB1FAD5F77007A6350 /* LaunchScreen.storyboard in Resources */,
				7816B3001FAE1BD4007A6350 /* kxmovie.bundle in Resources */,
				78B76C4B1FC08BE6003DA58E /* arrow@2x.png in Resources */,
				7816B1A81FAD5F77007A6350 /* Assets.xcassets in Resources */,
				78B76C4C1FC08BE6003DA58E /* arrow@3x.png in Resources */,
				7816B1A61FAD5F77007A6350 /* Main.storyboard in Resources */,
				7816B24D1FAE0E09007A6350 /* resource.bundle in Resources */,
				78B76C4E1FC08BE6003DA58E /* gridCell_unSelect@2x.png in Resources */,
				78E41F511FDA0322001A938A /* StringsFile.strings in Resources */,
			);
			runOnlyForDeploymentPostprocessing = 0;
		};
/* End PBXResourcesBuildPhase section */

/* Begin PBXShellScriptBuildPhase section */
		025025AF85A2B2018B85AD2C /* [CP] Check Pods Manifest.lock */ = {
			isa = PBXShellScriptBuildPhase;
			buildActionMask = 2147483647;
			files = (
			);
			inputPaths = (
				"${PODS_PODFILE_DIR_PATH}/Podfile.lock",
				"${PODS_ROOT}/Manifest.lock",
			);
			name = "[CP] Check Pods Manifest.lock";
			outputPaths = (
				"$(DERIVED_FILE_DIR)/Pods-DeWaterMark-checkManifestLockResult.txt",
			);
			runOnlyForDeploymentPostprocessing = 0;
			shellPath = /bin/sh;
			shellScript = "diff \"${PODS_PODFILE_DIR_PATH}/Podfile.lock\" \"${PODS_ROOT}/Manifest.lock\" > /dev/null\nif [ $? != 0 ] ; then\n    # print error to STDERR\n    echo \"error: The sandbox is not in sync with the Podfile.lock. Run 'pod install' or update your CocoaPods installation.\" >&2\n    exit 1\nfi\n# This output is used by Xcode 'outputs' to avoid re-running this script phase.\necho \"SUCCESS\" > \"${SCRIPT_OUTPUT_FILE_0}\"\n";
			showEnvVarsInLog = 0;
		};
		4B523D80C64980C6546B3844 /* [CP] Copy Pods Resources */ = {
			isa = PBXShellScriptBuildPhase;
			buildActionMask = 2147483647;
			files = (
			);
			inputPaths = (
				"${SRCROOT}/Pods/Target Support Files/Pods-DeWaterMark/Pods-DeWaterMark-resources.sh",
				"${PODS_ROOT}/mob_sharesdk/SDK/ShareSDK/Support/Required/ShareSDK.bundle",
				"${PODS_ROOT}/mob_sharesdk/SDK/ShareSDK/Support/Optional/ShareSDKUI.bundle",
			);
			name = "[CP] Copy Pods Resources";
			outputPaths = (
				"${TARGET_BUILD_DIR}/${UNLOCALIZED_RESOURCES_FOLDER_PATH}",
			);
			runOnlyForDeploymentPostprocessing = 0;
			shellPath = /bin/sh;
			shellScript = "\"${SRCROOT}/Pods/Target Support Files/Pods-DeWaterMark/Pods-DeWaterMark-resources.sh\"\n";
			showEnvVarsInLog = 0;
		};
		7B299A2694CA986E823E448F /* [CP] Embed Pods Frameworks */ = {
			isa = PBXShellScriptBuildPhase;
			buildActionMask = 2147483647;
			files = (
			);
			inputPaths = (
			);
			name = "[CP] Embed Pods Frameworks";
			outputPaths = (
			);
			runOnlyForDeploymentPostprocessing = 0;
			shellPath = /bin/sh;
			shellScript = "\"${SRCROOT}/Pods/Target Support Files/Pods-DeWaterMark/Pods-DeWaterMark-frameworks.sh\"\n";
			showEnvVarsInLog = 0;
		};
/* End PBXShellScriptBuildPhase section */

/* Begin PBXSourcesBuildPhase section */
		7816B1971FAD5F77007A6350 /* Sources */ = {
			isa = PBXSourcesBuildPhase;
			buildActionMask = 2147483647;
			files = (
				7816B2E61FAE1186007A6350 /* ffmpeg_opt.c in Sources */,
				78B76C691FC17E0F003DA58E /* AlbumManager.m in Sources */,
				7816B2E81FAE1186007A6350 /* strtod.c in Sources */,
				78B76C541FC08BE6003DA58E /* YZYPhotoBrowserViewController.m in Sources */,
				78CE36C31FC9C81100F84932 /* MyVideosController.m in Sources */,
				78B76C561FC08BE6003DA58E /* YZYPhotoGridCell.m in Sources */,
				78B76C571FC08BE6003DA58E /* YZYPhotoGridViewController.m in Sources */,
				78B76C551FC08BE6003DA58E /* YZYPhotoDataManager.m in Sources */,
				7816B1BA1FAD66AA007A6350 /* EditSliderView.m in Sources */,
				7816B2E31FAE1186007A6350 /* cmdutils.c in Sources */,
				7885D7A21FCC466900A4B59E /* MyVideoConfigView.m in Sources */,
				78CD7AFA1FFF684A004F63AF /* IAPManager.m in Sources */,
				7816B3031FAE1BD4007A6350 /* KxMovieViewController.m in Sources */,
				785E0D431FD4CFEC00ADF46D /* PayViewAndLogic.m in Sources */,
				7816B2E41FAE1186007A6350 /* ffmpeg_filter.c in Sources */,
				7816B1B71FAD61FD007A6350 /* EditViewController.m in Sources */,
				7885D7FE1FCD974900A4B59E /* MyNavigationViewController.m in Sources */,
				785E0D241FD4415C00ADF46D /* WebRequestHandler.m in Sources */,
				7885D7B71FCCFEE900A4B59E /* SelectedViewController.m in Sources */,
				7816B3061FAF5622007A6350 /* ChoosingRectView.m in Sources */,
				7816B1BF1FADF224007A6350 /* MyFileManage.m in Sources */,
				7816B2E71FAE1186007A6350 /* getopt.c in Sources */,
				783B459C1FCFEA56003770C9 /* CommonConfig.m in Sources */,
				78B76C511FC08BE6003DA58E /* YZYAlbumListCell.m in Sources */,
				78B76C581FC08BE6003DA58E /* YZYPhotoPicker.m in Sources */,
				78F8A3D5201D668800981B79 /* QAViewController.m in Sources */,
				7885D8081FCD9A1400A4B59E /* MyTableViewCell.m in Sources */,
				783B45AB1FCFED87003770C9 /* URLManager.m in Sources */,
				7816B3021FAE1BD4007A6350 /* KxMovieGLView.m in Sources */,
				78B76C501FC08BE6003DA58E /* YZYAlbumDropView.m in Sources */,
				7816B1A31FAD5F77007A6350 /* ViewController.m in Sources */,
				7816B2E51FAE1186007A6350 /* ffmpeg_mod.c in Sources */,
				78E41F761FDA8249001A938A /* PreviewViewController.m in Sources */,
				782A0BB81FDADDBB0041E76F /* DeWaterKeyChain.m in Sources */,
				7885D8031FCD990000A4B59E /* AboutViewController.m in Sources */,
				7816B2FF1FAE1BD4007A6350 /* KxAudioManager.m in Sources */,
				78CD7B031FFF69D5004F63AF /* DialogView.m in Sources */,
				78B76C531FC08BE6003DA58E /* YZYPhotoBrowserCell.m in Sources */,
				7885D8041FCD990000A4B59E /* RightDrawerTableViewController.m in Sources */,
				78F8A3D8201D67B600981B79 /* SelfCenterViewController.m in Sources */,
				78B76C4F1FC08BE6003DA58E /* UIView+Addition.m in Sources */,
				7816B1AE1FAD5F77007A6350 /* main.m in Sources */,
				78CD7B001FFF6998004F63AF /* ActivityIndicator.m in Sources */,
				7816B3011FAE1BD4007A6350 /* KxMovieDecoder.m in Sources */,
				7816B1A01FAD5F77007A6350 /* AppDelegate.m in Sources */,
				78B76C521FC08BE6003DA58E /* YZYPhotoAsset.m in Sources */,
			);
			runOnlyForDeploymentPostprocessing = 0;
		};
/* End PBXSourcesBuildPhase section */

/* Begin PBXVariantGroup section */
		7816B1A41FAD5F77007A6350 /* Main.storyboard */ = {
			isa = PBXVariantGroup;
			children = (
				7816B1A51FAD5F77007A6350 /* Base */,
			);
			name = Main.storyboard;
			sourceTree = "<group>";
		};
		7816B1A91FAD5F77007A6350 /* LaunchScreen.storyboard */ = {
			isa = PBXVariantGroup;
			children = (
				7816B1AA1FAD5F77007A6350 /* Base */,
			);
			name = LaunchScreen.storyboard;
			sourceTree = "<group>";
		};
/* End PBXVariantGroup section */

/* Begin XCBuildConfiguration section */
		7816B1AF1FAD5F77007A6350 /* Debug */ = {
			isa = XCBuildConfiguration;
			buildSettings = {
				ALWAYS_SEARCH_USER_PATHS = NO;
				CLANG_ANALYZER_NONNULL = YES;
				CLANG_ANALYZER_NUMBER_OBJECT_CONVERSION = YES_AGGRESSIVE;
				CLANG_CXX_LANGUAGE_STANDARD = "gnu++14";
				CLANG_CXX_LIBRARY = "libc++";
				CLANG_ENABLE_MODULES = YES;
				CLANG_ENABLE_OBJC_ARC = YES;
				CLANG_WARN_BLOCK_CAPTURE_AUTORELEASING = YES;
				CLANG_WARN_BOOL_CONVERSION = YES;
				CLANG_WARN_COMMA = YES;
				CLANG_WARN_CONSTANT_CONVERSION = YES;
				CLANG_WARN_DIRECT_OBJC_ISA_USAGE = YES_ERROR;
				CLANG_WARN_DOCUMENTATION_COMMENTS = YES;
				CLANG_WARN_EMPTY_BODY = YES;
				CLANG_WARN_ENUM_CONVERSION = YES;
				CLANG_WARN_INFINITE_RECURSION = YES;
				CLANG_WARN_INT_CONVERSION = YES;
				CLANG_WARN_NON_LITERAL_NULL_CONVERSION = YES;
				CLANG_WARN_OBJC_LITERAL_CONVERSION = YES;
				CLANG_WARN_OBJC_ROOT_CLASS = YES_ERROR;
				CLANG_WARN_RANGE_LOOP_ANALYSIS = YES;
				CLANG_WARN_STRICT_PROTOTYPES = YES;
				CLANG_WARN_SUSPICIOUS_MOVE = YES;
				CLANG_WARN_UNGUARDED_AVAILABILITY = YES_AGGRESSIVE;
				CLANG_WARN_UNREACHABLE_CODE = YES;
				CLANG_WARN__DUPLICATE_METHOD_MATCH = YES;
				CODE_SIGN_IDENTITY = "iPhone Developer";
				COPY_PHASE_STRIP = NO;
				DEBUG_INFORMATION_FORMAT = dwarf;
				ENABLE_STRICT_OBJC_MSGSEND = YES;
				ENABLE_TESTABILITY = YES;
				GCC_C_LANGUAGE_STANDARD = gnu11;
				GCC_DYNAMIC_NO_PIC = NO;
				GCC_NO_COMMON_BLOCKS = YES;
				GCC_OPTIMIZATION_LEVEL = 0;
				GCC_PREPROCESSOR_DEFINITIONS = (
					"DEBUG=1",
					"$(inherited)",
				);
				GCC_WARN_64_TO_32_BIT_CONVERSION = YES;
				GCC_WARN_ABOUT_RETURN_TYPE = YES_ERROR;
				GCC_WARN_UNDECLARED_SELECTOR = YES;
				GCC_WARN_UNINITIALIZED_AUTOS = YES_AGGRESSIVE;
				GCC_WARN_UNUSED_FUNCTION = YES;
				GCC_WARN_UNUSED_VARIABLE = YES;
				IPHONEOS_DEPLOYMENT_TARGET = 11.0;
				MTL_ENABLE_DEBUG_INFO = YES;
				ONLY_ACTIVE_ARCH = YES;
				SDKROOT = iphoneos;
			};
			name = Debug;
		};
		7816B1B01FAD5F77007A6350 /* Release */ = {
			isa = XCBuildConfiguration;
			buildSettings = {
				ALWAYS_SEARCH_USER_PATHS = NO;
				CLANG_ANALYZER_NONNULL = YES;
				CLANG_ANALYZER_NUMBER_OBJECT_CONVERSION = YES_AGGRESSIVE;
				CLANG_CXX_LANGUAGE_STANDARD = "gnu++14";
				CLANG_CXX_LIBRARY = "libc++";
				CLANG_ENABLE_MODULES = YES;
				CLANG_ENABLE_OBJC_ARC = YES;
				CLANG_WARN_BLOCK_CAPTURE_AUTORELEASING = YES;
				CLANG_WARN_BOOL_CONVERSION = YES;
				CLANG_WARN_COMMA = YES;
				CLANG_WARN_CONSTANT_CONVERSION = YES;
				CLANG_WARN_DIRECT_OBJC_ISA_USAGE = YES_ERROR;
				CLANG_WARN_DOCUMENTATION_COMMENTS = YES;
				CLANG_WARN_EMPTY_BODY = YES;
				CLANG_WARN_ENUM_CONVERSION = YES;
				CLANG_WARN_INFINITE_RECURSION = YES;
				CLANG_WARN_INT_CONVERSION = YES;
				CLANG_WARN_NON_LITERAL_NULL_CONVERSION = YES;
				CLANG_WARN_OBJC_LITERAL_CONVERSION = YES;
				CLANG_WARN_OBJC_ROOT_CLASS = YES_ERROR;
				CLANG_WARN_RANGE_LOOP_ANALYSIS = YES;
				CLANG_WARN_STRICT_PROTOTYPES = YES;
				CLANG_WARN_SUSPICIOUS_MOVE = YES;
				CLANG_WARN_UNGUARDED_AVAILABILITY = YES_AGGRESSIVE;
				CLANG_WARN_UNREACHABLE_CODE = YES;
				CLANG_WARN__DUPLICATE_METHOD_MATCH = YES;
				CODE_SIGN_IDENTITY = "iPhone Developer";
				COPY_PHASE_STRIP = NO;
				DEBUG_INFORMATION_FORMAT = "dwarf-with-dsym";
				ENABLE_NS_ASSERTIONS = NO;
				ENABLE_STRICT_OBJC_MSGSEND = YES;
				GCC_C_LANGUAGE_STANDARD = gnu11;
				GCC_NO_COMMON_BLOCKS = YES;
				GCC_WARN_64_TO_32_BIT_CONVERSION = YES;
				GCC_WARN_ABOUT_RETURN_TYPE = YES_ERROR;
				GCC_WARN_UNDECLARED_SELECTOR = YES;
				GCC_WARN_UNINITIALIZED_AUTOS = YES_AGGRESSIVE;
				GCC_WARN_UNUSED_FUNCTION = YES;
				GCC_WARN_UNUSED_VARIABLE = YES;
				IPHONEOS_DEPLOYMENT_TARGET = 11.0;
				MTL_ENABLE_DEBUG_INFO = NO;
				SDKROOT = iphoneos;
				VALIDATE_PRODUCT = YES;
			};
			name = Release;
		};
		7816B1B21FAD5F77007A6350 /* Debug */ = {
			isa = XCBuildConfiguration;
			baseConfigurationReference = D5A7B4A3F9CD70FB2B85E626 /* Pods-DeWaterMark.debug.xcconfig */;
			buildSettings = {
				ASSETCATALOG_COMPILER_APPICON_NAME = AppIcon;
				"CODE_SIGN_IDENTITY[sdk=iphoneos*]" = "iPhone Developer";
				CODE_SIGN_STYLE = Automatic;
				DEVELOPMENT_TEAM = 67Q24N9KP5;
				ENABLE_BITCODE = NO;
				FRAMEWORK_SEARCH_PATHS = (
					"$(inherited)",
					"$(PROJECT_DIR)/DeWaterMark/thirdPart",
				);
				HEADER_SEARCH_PATHS = (
					"$(inherited)",
					"\"${PODS_ROOT}/Headers/Public\"",
					"\"${PODS_ROOT}/Headers/Public/CocoaLumberjack\"",
					"\"${PODS_ROOT}/Headers/Public/GCDWebServer\"",
					"\"${PODS_ROOT}/Headers/Public/KVOController\"",
					"\"${PODS_ROOT}/Headers/Public/Masonry\"",
					"\"${PODS_ROOT}/Headers/Public/NSLogger\"",
					"\"$(PROJECT_DIR)/DeWaterMark/thirdPart/ffmpeg/include\"/**",
				);
				INFOPLIST_FILE = DeWaterMark/Info.plist;
				IPHONEOS_DEPLOYMENT_TARGET = 9.0;
				LD_RUNPATH_SEARCH_PATHS = "$(inherited) @executable_path/Frameworks";
				LIBRARY_SEARCH_PATHS = (
					"$(inherited)",
					"$(PROJECT_DIR)/DeWaterMark/thirdPart/ffmpeg",
					"$(PROJECT_DIR)/DeWaterMark/thirdPart/ffmpeg/include",
					"$(PROJECT_DIR)/DeWaterMark/thirdPart",
					"$(PROJECT_DIR)/DeWaterMark/thirdPart/UMAnalytics_Sdk_3.5.10",
				);
				PRODUCT_BUNDLE_IDENTIFIER = com.slothpg.removelogo;
				PRODUCT_NAME = "$(TARGET_NAME)";
				PROVISIONING_PROFILE = "";
				PROVISIONING_PROFILE_SPECIFIER = "";
				TARGETED_DEVICE_FAMILY = "1,2";
			};
			name = Debug;
		};
		7816B1B31FAD5F77007A6350 /* Release */ = {
			isa = XCBuildConfiguration;
			baseConfigurationReference = 74D21B5D31B6FE3298C545D2 /* Pods-DeWaterMark.release.xcconfig */;
			buildSettings = {
				ASSETCATALOG_COMPILER_APPICON_NAME = AppIcon;
				"CODE_SIGN_IDENTITY[sdk=iphoneos*]" = "iPhone Developer";
				CODE_SIGN_STYLE = Automatic;
				DEVELOPMENT_TEAM = 67Q24N9KP5;
				ENABLE_BITCODE = NO;
				FRAMEWORK_SEARCH_PATHS = (
					"$(inherited)",
					"$(PROJECT_DIR)/DeWaterMark/thirdPart",
				);
				HEADER_SEARCH_PATHS = (
					"$(inherited)",
					"\"${PODS_ROOT}/Headers/Public\"",
					"\"${PODS_ROOT}/Headers/Public/CocoaLumberjack\"",
					"\"${PODS_ROOT}/Headers/Public/GCDWebServer\"",
					"\"${PODS_ROOT}/Headers/Public/KVOController\"",
					"\"${PODS_ROOT}/Headers/Public/Masonry\"",
					"\"${PODS_ROOT}/Headers/Public/NSLogger\"",
					"\"$(PROJECT_DIR)/DeWaterMark/thirdPart/ffmpeg/include\"/**",
				);
				INFOPLIST_FILE = DeWaterMark/Info.plist;
				IPHONEOS_DEPLOYMENT_TARGET = 9.0;
				LD_RUNPATH_SEARCH_PATHS = "$(inherited) @executable_path/Frameworks";
				LIBRARY_SEARCH_PATHS = (
					"$(inherited)",
					"$(PROJECT_DIR)/DeWaterMark/thirdPart/ffmpeg",
					"$(PROJECT_DIR)/DeWaterMark/thirdPart/ffmpeg/include",
					"$(PROJECT_DIR)/DeWaterMark/thirdPart",
					"$(PROJECT_DIR)/DeWaterMark/thirdPart/UMAnalytics_Sdk_3.5.10",
				);
				PRODUCT_BUNDLE_IDENTIFIER = com.slothpg.removelogo;
				PRODUCT_NAME = "$(TARGET_NAME)";
				PROVISIONING_PROFILE = "";
				PROVISIONING_PROFILE_SPECIFIER = "";
				TARGETED_DEVICE_FAMILY = "1,2";
			};
			name = Release;
		};
/* End XCBuildConfiguration section */

/* Begin XCConfigurationList section */
		7816B1961FAD5F77007A6350 /* Build configuration list for PBXProject "DeWaterMark" */ = {
			isa = XCConfigurationList;
			buildConfigurations = (
				7816B1AF1FAD5F77007A6350 /* Debug */,
				7816B1B01FAD5F77007A6350 /* Release */,
			);
			defaultConfigurationIsVisible = 0;
			defaultConfigurationName = Release;
		};
		7816B1B11FAD5F77007A6350 /* Build configuration list for PBXNativeTarget "DeWaterMark" */ = {
			isa = XCConfigurationList;
			buildConfigurations = (
				7816B1B21FAD5F77007A6350 /* Debug */,
				7816B1B31FAD5F77007A6350 /* Release */,
			);
			defaultConfigurationIsVisible = 0;
			defaultConfigurationName = Release;
		};
/* End XCConfigurationList section */
	};
	rootObject = 7816B1931FAD5F77007A6350 /* Project object */;
}
